<?xml version="1.0" encoding="utf-8"?>
<Project ToolsVersion="4.0" xmlns="http://schemas.microsoft.com/developer/msbuild/2003">
  <ItemGroup>
    <Filter Include="Archivos de origen">
      <UniqueIdentifier>{4FC737F1-C7A5-4376-A066-2A32D752A2FF}</UniqueIdentifier>
      <Extensions>cpp;c;cc;cxx;c++;cppm;ixx;def;odl;idl;hpj;bat;asm;asmx</Extensions>
    </Filter>
    <Filter Include="Archivos de encabezado">
      <UniqueIdentifier>{93995380-89BD-4b04-88EB-625FBE52EBFB}</UniqueIdentifier>
      <Extensions>h;hh;hpp;hxx;h++;hm;inl;inc;ipp;xsd</Extensions>
    </Filter>
    <Filter Include="Archivos de recursos">
      <UniqueIdentifier>{67DA6AB6-F800-4c08-8B7A-83BB121AAD01}</UniqueIdentifier>
      <Extensions>rc;ico;cur;bmp;dlg;rc2;rct;bin;rgs;gif;jpg;jpeg;jpe;resx;tiff;tif;png;wav;mfcribbon-ms</Extensions>
    </Filter>
    <Filter Include="Archivos de encabezado\Commands">
      <UniqueIdentifier>{503179eb-0a56-4200-9a7f-2f99d47e66d8}</UniqueIdentifier>
    </Filter>
    <Filter Include="Archivos de encabezado\Emulators">
      <UniqueIdentifier>{ff4391f7-c0ed-4e6e-ae89-e450b492c5da}</UniqueIdentifier>
    </Filter>
    <Filter Include="Archivos de encabezado\IO">
      <UniqueIdentifier>{88792aa9-7524-4d1b-a1ce-3cfb57bc9f72}</UniqueIdentifier>
    </Filter>
    <Filter Include="Archivos de encabezado\Motherboard">
      <UniqueIdentifier>{d8eb2d0a-7d61-466d-baeb-c77f5cdc4496}</UniqueIdentifier>
    </Filter>
    <Filter Include="Archivos de encabezado\Motherboard\Chips">
      <UniqueIdentifier>{b49d90ee-3279-44a4-9fe2-175f9247db5a}</UniqueIdentifier>
    </Filter>
    <Filter Include="Archivos de origen\Commands">
      <UniqueIdentifier>{f7dd4973-f42d-44da-824e-0181160b5d52}</UniqueIdentifier>
    </Filter>
    <Filter Include="Archivos de origen\Emulators">
      <UniqueIdentifier>{31567aa1-889d-47db-b8fb-f78ec2eae20e}</UniqueIdentifier>
    </Filter>
    <Filter Include="Archivos de origen\IO">
      <UniqueIdentifier>{3ef654fb-8e75-49eb-83c8-3f3fb7a7efaa}</UniqueIdentifier>
    </Filter>
    <Filter Include="Archivos de origen\Motherboard">
      <UniqueIdentifier>{36d5b4f9-1fa9-4ff9-8521-4de9fba481e7}</UniqueIdentifier>
    </Filter>
    <Filter Include="Archivos de origen\Motherboard\Chips">
      <UniqueIdentifier>{674bc39d-3005-4eae-aece-0c43cf73081f}</UniqueIdentifier>
    </Filter>
    <Filter Include="Archivos de origen\Motherboard\Chips\AY38910">
      <UniqueIdentifier>{44814192-7fb0-4bc6-b6df-5debde318e53}</UniqueIdentifier>
    </Filter>
    <Filter Include="Archivos de encabezado\Motherboard\Chips\AY38910">
      <UniqueIdentifier>{b13c06e4-9ccb-4b4f-a100-44fb9cffa9ca}</UniqueIdentifier>
    </Filter>
  </ItemGroup>
  <ItemGroup>
    <ClInclude Include="..\..\include\GENERALINSTRUMENTS\incs.hpp">
      <Filter>Archivos de encabezado</Filter>
    </ClInclude>
    <ClInclude Include="..\..\include\GENERALINSTRUMENTS\AY38910\incs.hpp">
      <Filter>Archivos de encabezado\Motherboard\Chips</Filter>
    </ClInclude>
    <ClInclude Include="..\..\include\GENERALINSTRUMENTS\AY38910\AY38910.hpp">
      <Filter>Archivos de encabezado\Motherboard\Chips\AY38910</Filter>
    </ClInclude>
    <ClInclude Include="..\..\include\GENERALINSTRUMENTS\AY38910\AY38910Registers.hpp">
      <Filter>Archivos de encabezado\Motherboard\Chips\AY38910</Filter>
    </ClInclude>
    <ClInclude Include="..\..\include\GENERALINSTRUMENTS\AY38910\AY38910LibWrapper.hpp">
      <Filter>Archivos de encabezado\Motherboard\Chips\AY38910</Filter>
    </ClInclude>
  </ItemGroup>
  <ItemGroup>
    <ClCompile Include="..\..\src\GENERALINSTRUMENTS\AY38910\AY38910.cpp">
      <Filter>Archivos de origen\Motherboard\Chips\AY38910</Filter>
    </ClCompile>
    <ClCompile Include="..\..\src\GENERALINSTRUMENTS\AY38910\AY38910LibWrapper.cpp">
      <Filter>Archivos de origen\Motherboard\Chips\AY38910</Filter>
    </ClCompile>
    <ClCompile Include="..\..\src\GENERALINSTRUMENTS\AY38910\AY38910Registers.cpp">
      <Filter>Archivos de origen\Motherboard\Chips\AY38910</Filter>
    </ClCompile>
  </ItemGroup>
</Project>