
Microsoft Visual Studio Solution File, Format Version 12.00
# Visual Studio Version 17
VisualStudioVersion = 17.3.32922.545
MinimumVisualStudioVersion = 10.0.40219.1
Project("{2150E333-8FDC-42A3-9474-1A3956D46DE8}") = "Libs", "Libs", "{7CF4FC5F-24E3-4E24-AF7F-246D698BBE1E}"
	ProjectSection(SolutionItems) = preProject
		include\doxy.hpp = include\doxy.hpp
	EndProjectSection
EndProject
Project("{8BC9CEB8-8B4A-11D0-8D11-00A0C91BC942}") = "F6500", "projects\F6500\F6500.vcxproj", "{0B49D3E7-F82E-486A-8212-5DA19CA5F3E8}"
	ProjectSection(ProjectDependencies) = postProject
		{7E7B88C4-4311-4F96-8383-13E07653686D} = {7E7B88C4-4311-4F96-8383-13E07653686D}
	EndProjectSection
EndProject
Project("{8BC9CEB8-8B4A-11D0-8D11-00A0C91BC942}") = "C64", "projects\C64\C64.vcxproj", "{232573A6-2559-4F0D-8726-7100F1D3F240}"
	ProjectSection(ProjectDependencies) = postProject
		{0B49D3E7-F82E-486A-8212-5DA19CA5F3E8} = {0B49D3E7-F82E-486A-8212-5DA19CA5F3E8}
		{37B5BB98-47CC-4566-9ACF-51E1E181B732} = {37B5BB98-47CC-4566-9ACF-51E1E181B732}
		{4844D8BE-3DCA-455A-87CD-25AF8FFBC0E8} = {4844D8BE-3DCA-455A-87CD-25AF8FFBC0E8}
		{7A1FE01C-F361-46AD-A385-A59EE5B334C3} = {7A1FE01C-F361-46AD-A385-A59EE5B334C3}
		{7E7B88C4-4311-4F96-8383-13E07653686D} = {7E7B88C4-4311-4F96-8383-13E07653686D}
		{8388FEAA-CDFA-430C-945D-5272AB6D3980} = {8388FEAA-CDFA-430C-945D-5272AB6D3980}
		{A1F7489E-B003-4566-A81F-BFF6AF321BF1} = {A1F7489E-B003-4566-A81F-BFF6AF321BF1}
		{EFD64A1D-6D9A-4716-BE18-84899483977F} = {EFD64A1D-6D9A-4716-BE18-84899483977F}
	EndProjectSection
EndProject
Project("{2150E333-8FDC-42A3-9474-1A3956D46DE8}") = "Emulators", "Emulators", "{33618513-AA35-4A8C-BB0B-98DD4013748D}"
EndProject
Project("{8BC9CEB8-8B4A-11D0-8D11-00A0C91BC942}") = "C64Emulator", "emulators\C64Emulator\C64Emulator.vcxproj", "{2861B305-8103-477A-867C-0561EC31D932}"
	ProjectSection(ProjectDependencies) = postProject
		{0B49D3E7-F82E-486A-8212-5DA19CA5F3E8} = {0B49D3E7-F82E-486A-8212-5DA19CA5F3E8}
		{232573A6-2559-4F0D-8726-7100F1D3F240} = {232573A6-2559-4F0D-8726-7100F1D3F240}
		{37B5BB98-47CC-4566-9ACF-51E1E181B732} = {37B5BB98-47CC-4566-9ACF-51E1E181B732}
		{4844D8BE-3DCA-455A-87CD-25AF8FFBC0E8} = {4844D8BE-3DCA-455A-87CD-25AF8FFBC0E8}
		{7A1FE01C-F361-46AD-A385-A59EE5B334C3} = {7A1FE01C-F361-46AD-A385-A59EE5B334C3}
		{7E7B88C4-4311-4F96-8383-13E07653686D} = {7E7B88C4-4311-4F96-8383-13E07653686D}
		{8388FEAA-CDFA-430C-945D-5272AB6D3980} = {8388FEAA-CDFA-430C-945D-5272AB6D3980}
		{A1F7489E-B003-4566-A81F-BFF6AF321BF1} = {A1F7489E-B003-4566-A81F-BFF6AF321BF1}
		{EFD64A1D-6D9A-4716-BE18-84899483977F} = {EFD64A1D-6D9A-4716-BE18-84899483977F}
	EndProjectSection
EndProject
Project("{2150E333-8FDC-42A3-9474-1A3956D46DE8}") = "Tests", "Tests", "{AC78630D-21D3-4C89-880E-74F122249F92}"
EndProject
Project("{8BC9CEB8-8B4A-11D0-8D11-00A0C91BC942}") = "TestCPU", "tests\TestCPU\TestCPU.vcxproj", "{30FEF6D5-1B7C-40A6-9034-0ACF23A4C5EA}"
	ProjectSection(ProjectDependencies) = postProject
		{7E7B88C4-4311-4F96-8383-13E07653686D} = {7E7B88C4-4311-4F96-8383-13E07653686D}
	EndProjectSection
EndProject
Project("{2150E333-8FDC-42A3-9474-1A3956D46DE8}") = "Micros", "Micros", "{D9C30467-E7E9-478D-B0EF-EA64F0C11241}"
EndProject
Project("{2150E333-8FDC-42A3-9474-1A3956D46DE8}") = "Computers", "Computers", "{E52691C5-7FBF-44D3-BE28-E682B6D06DD5}"
EndProject
Project("{2150E333-8FDC-42A3-9474-1A3956D46DE8}") = "MAIN", "MAIN", "{2E81999C-C671-4CD9-810A-33835E565839}"
EndProject
Project("{8BC9CEB8-8B4A-11D0-8D11-00A0C91BC942}") = "ASSEMBLER", "projects\ASSEMBLER\ASSEMBLER.vcxproj", "{8388FEAA-CDFA-430C-945D-5272AB6D3980}"
	ProjectSection(ProjectDependencies) = postProject
		{7E7B88C4-4311-4F96-8383-13E07653686D} = {7E7B88C4-4311-4F96-8383-13E07653686D}
	EndProjectSection
EndProject
Project("{8BC9CEB8-8B4A-11D0-8D11-00A0C91BC942}") = "COMMS", "projects\COMMS\COMMS.vcxproj", "{EFD64A1D-6D9A-4716-BE18-84899483977F}"
	ProjectSection(ProjectDependencies) = postProject
		{7E7B88C4-4311-4F96-8383-13E07653686D} = {7E7B88C4-4311-4F96-8383-13E07653686D}
	EndProjectSection
EndProject
Project("{8BC9CEB8-8B4A-11D0-8D11-00A0C91BC942}") = "EMULS", "projects\EMULS\EMULS.vcxproj", "{7A1FE01C-F361-46AD-A385-A59EE5B334C3}"
	ProjectSection(ProjectDependencies) = postProject
		{7E7B88C4-4311-4F96-8383-13E07653686D} = {7E7B88C4-4311-4F96-8383-13E07653686D}
		{8388FEAA-CDFA-430C-945D-5272AB6D3980} = {8388FEAA-CDFA-430C-945D-5272AB6D3980}
		{EFD64A1D-6D9A-4716-BE18-84899483977F} = {EFD64A1D-6D9A-4716-BE18-84899483977F}
	EndProjectSection
EndProject
Project("{2150E333-8FDC-42A3-9474-1A3956D46DE8}") = "Tests", "Tests", "{C595171B-2D87-4C94-8028-51FEBB948C36}"
EndProject
Project("{8BC9CEB8-8B4A-11D0-8D11-00A0C91BC942}") = "Test6500", "tests\Test6500\Test6500.vcxproj", "{7F8B3B2E-E850-4AFD-9798-A94574BE9E4A}"
	ProjectSection(ProjectDependencies) = postProject
		{0B49D3E7-F82E-486A-8212-5DA19CA5F3E8} = {0B49D3E7-F82E-486A-8212-5DA19CA5F3E8}
		{7E7B88C4-4311-4F96-8383-13E07653686D} = {7E7B88C4-4311-4F96-8383-13E07653686D}
	EndProjectSection
EndProject
Project("{8BC9CEB8-8B4A-11D0-8D11-00A0C91BC942}") = "CONSOLE", "projects\CONSOLE\CONSOLE.vcxproj", "{A1F7489E-B003-4566-A81F-BFF6AF321BF1}"
	ProjectSection(ProjectDependencies) = postProject
		{7A1FE01C-F361-46AD-A385-A59EE5B334C3} = {7A1FE01C-F361-46AD-A385-A59EE5B334C3}
		{7E7B88C4-4311-4F96-8383-13E07653686D} = {7E7B88C4-4311-4F96-8383-13E07653686D}
		{8388FEAA-CDFA-430C-945D-5272AB6D3980} = {8388FEAA-CDFA-430C-945D-5272AB6D3980}
		{EFD64A1D-6D9A-4716-BE18-84899483977F} = {EFD64A1D-6D9A-4716-BE18-84899483977F}
	EndProjectSection
EndProject
Project("{8BC9CEB8-8B4A-11D0-8D11-00A0C91BC942}") = "CORE", "projects\CORE\CORE.vcxproj", "{7E7B88C4-4311-4F96-8383-13E07653686D}"
EndProject
Project("{8BC9CEB8-8B4A-11D0-8D11-00A0C91BC942}") = "C64EmulatorC", "emulators\C64EmulatorC\C64EmulatorC.vcxproj", "{AF53DEDC-F49D-447A-8B2F-F5DBE93F6EB7}"
	ProjectSection(ProjectDependencies) = postProject
		{0B49D3E7-F82E-486A-8212-5DA19CA5F3E8} = {0B49D3E7-F82E-486A-8212-5DA19CA5F3E8}
		{232573A6-2559-4F0D-8726-7100F1D3F240} = {232573A6-2559-4F0D-8726-7100F1D3F240}
		{37B5BB98-47CC-4566-9ACF-51E1E181B732} = {37B5BB98-47CC-4566-9ACF-51E1E181B732}
		{4844D8BE-3DCA-455A-87CD-25AF8FFBC0E8} = {4844D8BE-3DCA-455A-87CD-25AF8FFBC0E8}
		{7A1FE01C-F361-46AD-A385-A59EE5B334C3} = {7A1FE01C-F361-46AD-A385-A59EE5B334C3}
		{7E7B88C4-4311-4F96-8383-13E07653686D} = {7E7B88C4-4311-4F96-8383-13E07653686D}
		{8388FEAA-CDFA-430C-945D-5272AB6D3980} = {8388FEAA-CDFA-430C-945D-5272AB6D3980}
		{A1F7489E-B003-4566-A81F-BFF6AF321BF1} = {A1F7489E-B003-4566-A81F-BFF6AF321BF1}
		{EFD64A1D-6D9A-4716-BE18-84899483977F} = {EFD64A1D-6D9A-4716-BE18-84899483977F}
	EndProjectSection
EndProject
Project("{2150E333-8FDC-42A3-9474-1A3956D46DE8}") = "C64Programs", "C64Programs", "{BC7BFE65-0F19-4EB9-914F-67B7BC21FBC4}"
EndProject
Project("{2150E333-8FDC-42A3-9474-1A3956D46DE8}") = "C64", "C64", "{CB7D0793-14E8-492E-8620-DBE966D6AA14}"
EndProject
Project("{2150E333-8FDC-42A3-9474-1A3956D46DE8}") = "Examples_1", "Examples_1", "{C6BB96CB-83B8-4F1E-B49D-A57EC2DC439F}"
	ProjectSection(SolutionItems) = preProject
		emulators\C64Programs\Examples_1\bitmaps.asm = emulators\C64Programs\Examples_1\bitmaps.asm
		emulators\C64Programs\Examples_1\bitmaps.prg = emulators\C64Programs\Examples_1\bitmaps.prg
		emulators\C64Programs\Examples_1\rasterlines.asm = emulators\C64Programs\Examples_1\rasterlines.asm
		emulators\C64Programs\Examples_1\screencolors1.asm = emulators\C64Programs\Examples_1\screencolors1.asm
		emulators\C64Programs\Examples_1\screencolors2.asm = emulators\C64Programs\Examples_1\screencolors2.asm
		emulators\C64Programs\Examples_1\screencolors3.asm = emulators\C64Programs\Examples_1\screencolors3.asm
		emulators\C64Programs\Examples_1\sprite11.asm = emulators\C64Programs\Examples_1\sprite11.asm
		emulators\C64Programs\Examples_1\sprite21.asm = emulators\C64Programs\Examples_1\sprite21.asm
		emulators\C64Programs\Examples_1\testkeyboard.asm = emulators\C64Programs\Examples_1\testkeyboard.asm
		emulators\C64Programs\Examples_1\text1.asm = emulators\C64Programs\Examples_1\text1.asm
		emulators\C64Programs\Examples_1\text2.asm = emulators\C64Programs\Examples_1\text2.asm
		emulators\C64Programs\Examples_1\text3.asm = emulators\C64Programs\Examples_1\text3.asm
		emulators\C64Programs\Examples_1\text4.asm = emulators\C64Programs\Examples_1\text4.asm
		emulators\C64Programs\Examples_1\text5.asm = emulators\C64Programs\Examples_1\text5.asm
		emulators\C64Programs\Examples_1\textcharset.64c = emulators\C64Programs\Examples_1\textcharset.64c
		emulators\C64Programs\Examples_1\textcharset.asm = emulators\C64Programs\Examples_1\textcharset.asm
	EndProjectSection
EndProject
Project("{2150E333-8FDC-42A3-9474-1A3956D46DE8}") = "General", "General", "{AA0DD703-5C11-4DE4-87FE-02BEF245FE66}"
EndProject
Project("{2150E333-8FDC-42A3-9474-1A3956D46DE8}") = "Monitors", "Monitors", "{B6B8F9F7-9FCC-4811-8A0A-D88A40250BE1}"
EndProject
Project("{8BC9CEB8-8B4A-11D0-8D11-00A0C91BC942}") = "RConsole", "monitors\RConsole\RConsole.vcxproj", "{650026B3-1AF8-42FB-B520-0B94239CF962}"
	ProjectSection(ProjectDependencies) = postProject
		{7A1FE01C-F361-46AD-A385-A59EE5B334C3} = {7A1FE01C-F361-46AD-A385-A59EE5B334C3}
		{7E7B88C4-4311-4F96-8383-13E07653686D} = {7E7B88C4-4311-4F96-8383-13E07653686D}
		{8388FEAA-CDFA-430C-945D-5272AB6D3980} = {8388FEAA-CDFA-430C-945D-5272AB6D3980}
		{A1F7489E-B003-4566-A81F-BFF6AF321BF1} = {A1F7489E-B003-4566-A81F-BFF6AF321BF1}
		{EFD64A1D-6D9A-4716-BE18-84899483977F} = {EFD64A1D-6D9A-4716-BE18-84899483977F}
	EndProjectSection
EndProject
Project("{8BC9CEB8-8B4A-11D0-8D11-00A0C91BC942}") = "R64Console", "monitors\R64Console\R64Console.vcxproj", "{791FCA28-ED93-4F02-B2EA-513F086F1C39}"
	ProjectSection(ProjectDependencies) = postProject
		{0B49D3E7-F82E-486A-8212-5DA19CA5F3E8} = {0B49D3E7-F82E-486A-8212-5DA19CA5F3E8}
		{232573A6-2559-4F0D-8726-7100F1D3F240} = {232573A6-2559-4F0D-8726-7100F1D3F240}
		{37B5BB98-47CC-4566-9ACF-51E1E181B732} = {37B5BB98-47CC-4566-9ACF-51E1E181B732}
		{4844D8BE-3DCA-455A-87CD-25AF8FFBC0E8} = {4844D8BE-3DCA-455A-87CD-25AF8FFBC0E8}
		{7A1FE01C-F361-46AD-A385-A59EE5B334C3} = {7A1FE01C-F361-46AD-A385-A59EE5B334C3}
		{7E7B88C4-4311-4F96-8383-13E07653686D} = {7E7B88C4-4311-4F96-8383-13E07653686D}
		{8388FEAA-CDFA-430C-945D-5272AB6D3980} = {8388FEAA-CDFA-430C-945D-5272AB6D3980}
		{A1F7489E-B003-4566-A81F-BFF6AF321BF1} = {A1F7489E-B003-4566-A81F-BFF6AF321BF1}
		{EFD64A1D-6D9A-4716-BE18-84899483977F} = {EFD64A1D-6D9A-4716-BE18-84899483977F}
	EndProjectSection
EndProject
Project("{2150E333-8FDC-42A3-9474-1A3956D46DE8}") = "Code", "Code", "{C240FE10-B986-4BE3-8142-2A73CA4C3DAB}"
EndProject
Project("{2150E333-8FDC-42A3-9474-1A3956D46DE8}") = "Macros", "Macros", "{CDFEFB5E-98A7-4934-9C5B-FD5C55E1B742}"
	ProjectSection(SolutionItems) = preProject
		emulators\C64Programs\Code\Macros\MCIAS.asm = emulators\C64Programs\Code\Macros\MCIAS.asm
		emulators\C64Programs\Code\Macros\MSCREEN.asm = emulators\C64Programs\Code\Macros\MSCREEN.asm
		emulators\C64Programs\Code\Macros\MVICII.asm = emulators\C64Programs\Code\Macros\MVICII.asm
	EndProjectSection
EndProject
Project("{2150E333-8FDC-42A3-9474-1A3956D46DE8}") = "Routines", "Routines", "{1B89EA0F-83BA-4635-9B46-131784A734FB}"
	ProjectSection(SolutionItems) = preProject
		emulators\C64Programs\Code\Routines\RCOPYCHARSET.asm = emulators\C64Programs\Code\Routines\RCOPYCHARSET.asm
		emulators\C64Programs\Code\Routines\RGENERAL.asm = emulators\C64Programs\Code\Routines\RGENERAL.asm
		emulators\C64Programs\Code\Routines\RIRQ.asm = emulators\C64Programs\Code\Routines\RIRQ.asm
		emulators\C64Programs\code\routines\RIRQ2.asm = emulators\C64Programs\code\routines\RIRQ2.asm
		emulators\C64Programs\Code\Routines\RSCREENBOX.asm = emulators\C64Programs\Code\Routines\RSCREENBOX.asm
		emulators\C64Programs\Code\Routines\RSCREENCLEAR.asm = emulators\C64Programs\Code\Routines\RSCREENCLEAR.asm
		emulators\C64Programs\Code\Routines\RSCREENRECT.asm = emulators\C64Programs\Code\Routines\RSCREENRECT.asm
		emulators\C64Programs\Code\Routines\RSCREENTEXT.asm = emulators\C64Programs\Code\Routines\RSCREENTEXT.asm
		emulators\C64Programs\code\routines\RSPRITES.asm = emulators\C64Programs\code\routines\RSPRITES.asm
	EndProjectSection
EndProject
Project("{2150E333-8FDC-42A3-9474-1A3956D46DE8}") = "Tests", "Tests", "{DD45DD00-02A4-4D13-8CC8-58BE8A459F48}"
	ProjectSection(SolutionItems) = preProject
		emulators\C64Programs\Code\Tests\SP4.asm = emulators\C64Programs\Code\Tests\SP4.asm
		emulators\C64Programs\Code\Tests\SPRITESPRIORITY.asm = emulators\C64Programs\Code\Tests\SPRITESPRIORITY.asm
		emulators\C64Programs\Code\Tests\TESTBIT.asm = emulators\C64Programs\Code\Tests\TESTBIT.asm
		emulators\C64Programs\code\tests\TESTCIA1.asm = emulators\C64Programs\code\tests\TESTCIA1.asm
		emulators\C64Programs\code\tests\TESTCIA1IRQ.asm = emulators\C64Programs\code\tests\TESTCIA1IRQ.asm
		emulators\C64Programs\Code\Tests\TESTCIA2NMI.asm = emulators\C64Programs\Code\Tests\TESTCIA2NMI.asm
		emulators\C64Programs\Code\Tests\TESTDEFCHARS.asm = emulators\C64Programs\Code\Tests\TESTDEFCHARS.asm
		emulators\C64Programs\code\tests\TESTFORSKEY.asm = emulators\C64Programs\code\tests\TESTFORSKEY.asm
		emulators\C64Programs\Code\Tests\TESTGRAPHMODES.asm = emulators\C64Programs\Code\Tests\TESTGRAPHMODES.asm
		emulators\C64Programs\Code\Tests\TESTHRESMODES.asm = emulators\C64Programs\Code\Tests\TESTHRESMODES.asm
		emulators\C64Programs\code\tests\TESTIRQ.asm = emulators\C64Programs\code\tests\TESTIRQ.asm
		emulators\C64Programs\code\tests\TESTIRQ2.asm = emulators\C64Programs\code\tests\TESTIRQ2.asm
		emulators\C64Programs\Code\Tests\TESTKEYBOARD.asm = emulators\C64Programs\Code\Tests\TESTKEYBOARD.asm
		emulators\C64Programs\Code\Tests\TESTKEYBOARDIRQ.asm = emulators\C64Programs\Code\Tests\TESTKEYBOARDIRQ.asm
		emulators\C64Programs\Code\Tests\TESTOUT.asm = emulators\C64Programs\Code\Tests\TESTOUT.asm
		emulators\C64Programs\Code\Tests\TESTROUTINES.asm = emulators\C64Programs\Code\Tests\TESTROUTINES.asm
		emulators\C64Programs\code\tests\TESTROUTINES2.asm = emulators\C64Programs\code\tests\TESTROUTINES2.asm
		emulators\C64Programs\code\tests\TESTSIMPLEOUT.asm = emulators\C64Programs\code\tests\TESTSIMPLEOUT.asm
		emulators\C64Programs\code\tests\TESTSPRITESIRQ.asm = emulators\C64Programs\code\tests\TESTSPRITESIRQ.asm
	EndProjectSection
EndProject
Project("{2150E333-8FDC-42A3-9474-1A3956D46DE8}") = "Compilers", "Compilers", "{CB939E14-E506-4775-A07D-14F332CA2B47}"
EndProject
Project("{8BC9CEB8-8B4A-11D0-8D11-00A0C91BC942}") = "COMMODORE", "projects\COMMODORE\COMMODORE.vcxproj", "{37B5BB98-47CC-4566-9ACF-51E1E181B732}"
	ProjectSection(ProjectDependencies) = postProject
		{0B49D3E7-F82E-486A-8212-5DA19CA5F3E8} = {0B49D3E7-F82E-486A-8212-5DA19CA5F3E8}
		{4844D8BE-3DCA-455A-87CD-25AF8FFBC0E8} = {4844D8BE-3DCA-455A-87CD-25AF8FFBC0E8}
		{7A1FE01C-F361-46AD-A385-A59EE5B334C3} = {7A1FE01C-F361-46AD-A385-A59EE5B334C3}
		{7E7B88C4-4311-4F96-8383-13E07653686D} = {7E7B88C4-4311-4F96-8383-13E07653686D}
		{8388FEAA-CDFA-430C-945D-5272AB6D3980} = {8388FEAA-CDFA-430C-945D-5272AB6D3980}
		{A1F7489E-B003-4566-A81F-BFF6AF321BF1} = {A1F7489E-B003-4566-A81F-BFF6AF321BF1}
		{EFD64A1D-6D9A-4716-BE18-84899483977F} = {EFD64A1D-6D9A-4716-BE18-84899483977F}
	EndProjectSection
EndProject
Project("{2150E333-8FDC-42A3-9474-1A3956D46DE8}") = "Manufacturers", "Manufacturers", "{2CDC5360-C91C-4FCA-AE01-98DEFDC778B6}"
EndProject
Project("{2150E333-8FDC-42A3-9474-1A3956D46DE8}") = "Third Parties", "Third Parties", "{9E003CF6-761F-453E-BC47-ED144EB0EFB8}"
EndProject
Project("{8BC9CEB8-8B4A-11D0-8D11-00A0C91BC942}") = "RESID", "thirdparties\resid\RESID.vcxproj", "{4844D8BE-3DCA-455A-87CD-25AF8FFBC0E8}"
EndProject
Project("{8BC9CEB8-8B4A-11D0-8D11-00A0C91BC942}") = "TestSDL", "tests\TestSDL\TestSDL.vcxproj", "{F5541340-0F51-4C48-8AD1-3DC8F25D1A5D}"
EndProject
Project("{8BC9CEB8-8B4A-11D0-8D11-00A0C91BC942}") = "FZ80", "projects\FZ80\FZ80.vcxproj", "{BB5F1B61-0ECD-4B61-8E1C-2C68D7A1A0CC}"
	ProjectSection(ProjectDependencies) = postProject
		{7E7B88C4-4311-4F96-8383-13E07653686D} = {7E7B88C4-4311-4F96-8383-13E07653686D}
	EndProjectSection
EndProject
Project("{8BC9CEB8-8B4A-11D0-8D11-00A0C91BC942}") = "VIC20", "projects\VIC20\VIC20.vcxproj", "{185EEEFC-3B88-4F69-8FAC-D55FB5F1AE28}"
	ProjectSection(ProjectDependencies) = postProject
		{0B49D3E7-F82E-486A-8212-5DA19CA5F3E8} = {0B49D3E7-F82E-486A-8212-5DA19CA5F3E8}
		{37B5BB98-47CC-4566-9ACF-51E1E181B732} = {37B5BB98-47CC-4566-9ACF-51E1E181B732}
		{7A1FE01C-F361-46AD-A385-A59EE5B334C3} = {7A1FE01C-F361-46AD-A385-A59EE5B334C3}
		{7E7B88C4-4311-4F96-8383-13E07653686D} = {7E7B88C4-4311-4F96-8383-13E07653686D}
		{8388FEAA-CDFA-430C-945D-5272AB6D3980} = {8388FEAA-CDFA-430C-945D-5272AB6D3980}
		{A1F7489E-B003-4566-A81F-BFF6AF321BF1} = {A1F7489E-B003-4566-A81F-BFF6AF321BF1}
		{EFD64A1D-6D9A-4716-BE18-84899483977F} = {EFD64A1D-6D9A-4716-BE18-84899483977F}
	EndProjectSection
EndProject
Project("{8BC9CEB8-8B4A-11D0-8D11-00A0C91BC942}") = "TestZ80", "tests\TestZ80\TestZ80.vcxproj", "{7EC464FE-0D2B-47EA-9803-431C497EECDB}"
	ProjectSection(ProjectDependencies) = postProject
		{7E7B88C4-4311-4F96-8383-13E07653686D} = {7E7B88C4-4311-4F96-8383-13E07653686D}
		{BB5F1B61-0ECD-4B61-8E1C-2C68D7A1A0CC} = {BB5F1B61-0ECD-4B61-8E1C-2C68D7A1A0CC}
	EndProjectSection
EndProject
Project("{8BC9CEB8-8B4A-11D0-8D11-00A0C91BC942}") = "6500Compiler", "compilers\6500Compiler\6500Compiler.vcxproj", "{454772DB-C287-4FF8-BC97-B84B130C4FC7}"
	ProjectSection(ProjectDependencies) = postProject
		{0B49D3E7-F82E-486A-8212-5DA19CA5F3E8} = {0B49D3E7-F82E-486A-8212-5DA19CA5F3E8}
		{7E7B88C4-4311-4F96-8383-13E07653686D} = {7E7B88C4-4311-4F96-8383-13E07653686D}
		{8388FEAA-CDFA-430C-945D-5272AB6D3980} = {8388FEAA-CDFA-430C-945D-5272AB6D3980}
	EndProjectSection
EndProject
Project("{8BC9CEB8-8B4A-11D0-8D11-00A0C91BC942}") = "Z80Compiler", "compilers\Z80Compiler\Z80Compiler.vcxproj", "{4A312E0D-43F5-457F-90A7-374161DA41B1}"
	ProjectSection(ProjectDependencies) = postProject
		{7E7B88C4-4311-4F96-8383-13E07653686D} = {7E7B88C4-4311-4F96-8383-13E07653686D}
		{8388FEAA-CDFA-430C-945D-5272AB6D3980} = {8388FEAA-CDFA-430C-945D-5272AB6D3980}
		{BB5F1B61-0ECD-4B61-8E1C-2C68D7A1A0CC} = {BB5F1B61-0ECD-4B61-8E1C-2C68D7A1A0CC}
	EndProjectSection
EndProject
Project("{2150E333-8FDC-42A3-9474-1A3956D46DE8}") = "VIC20", "VIC20", "{D8B63876-5A0A-44CF-848B-2BE0562A8DE4}"
EndProject
Project("{2150E333-8FDC-42A3-9474-1A3956D46DE8}") = "VIC20Programs", "VIC20Programs", "{6141392B-331C-4B63-96D7-E7C4A0DBAA43}"
EndProject
Project("{8BC9CEB8-8B4A-11D0-8D11-00A0C91BC942}") = "VIC20Emulator", "emulators\VIC20Emulator\VIC20Emulator.vcxproj", "{E8ACAF7D-9087-4D95-989F-090E6E382347}"
	ProjectSection(ProjectDependencies) = postProject
		{0B49D3E7-F82E-486A-8212-5DA19CA5F3E8} = {0B49D3E7-F82E-486A-8212-5DA19CA5F3E8}
		{185EEEFC-3B88-4F69-8FAC-D55FB5F1AE28} = {185EEEFC-3B88-4F69-8FAC-D55FB5F1AE28}
		{37B5BB98-47CC-4566-9ACF-51E1E181B732} = {37B5BB98-47CC-4566-9ACF-51E1E181B732}
		{7A1FE01C-F361-46AD-A385-A59EE5B334C3} = {7A1FE01C-F361-46AD-A385-A59EE5B334C3}
		{7E7B88C4-4311-4F96-8383-13E07653686D} = {7E7B88C4-4311-4F96-8383-13E07653686D}
		{8388FEAA-CDFA-430C-945D-5272AB6D3980} = {8388FEAA-CDFA-430C-945D-5272AB6D3980}
		{A1F7489E-B003-4566-A81F-BFF6AF321BF1} = {A1F7489E-B003-4566-A81F-BFF6AF321BF1}
		{EFD64A1D-6D9A-4716-BE18-84899483977F} = {EFD64A1D-6D9A-4716-BE18-84899483977F}
	EndProjectSection
EndProject
Project("{8BC9CEB8-8B4A-11D0-8D11-00A0C91BC942}") = "RVIC20Console", "monitors\RVIC20Console\RVIC20Console.vcxproj", "{D6B54BBF-89CE-4854-AAB2-A8E6CE3C47C1}"
	ProjectSection(ProjectDependencies) = postProject
		{0B49D3E7-F82E-486A-8212-5DA19CA5F3E8} = {0B49D3E7-F82E-486A-8212-5DA19CA5F3E8}
		{185EEEFC-3B88-4F69-8FAC-D55FB5F1AE28} = {185EEEFC-3B88-4F69-8FAC-D55FB5F1AE28}
		{37B5BB98-47CC-4566-9ACF-51E1E181B732} = {37B5BB98-47CC-4566-9ACF-51E1E181B732}
		{7A1FE01C-F361-46AD-A385-A59EE5B334C3} = {7A1FE01C-F361-46AD-A385-A59EE5B334C3}
		{7E7B88C4-4311-4F96-8383-13E07653686D} = {7E7B88C4-4311-4F96-8383-13E07653686D}
		{8388FEAA-CDFA-430C-945D-5272AB6D3980} = {8388FEAA-CDFA-430C-945D-5272AB6D3980}
		{A1F7489E-B003-4566-A81F-BFF6AF321BF1} = {A1F7489E-B003-4566-A81F-BFF6AF321BF1}
		{EFD64A1D-6D9A-4716-BE18-84899483977F} = {EFD64A1D-6D9A-4716-BE18-84899483977F}
	EndProjectSection
EndProject
Project("{8BC9CEB8-8B4A-11D0-8D11-00A0C91BC942}") = "VIC20EmulatorC", "emulators\VIC20EmulatorC\VIC20EmulatorC.vcxproj", "{F26FB5E5-F3D5-43D2-919C-4B3CA7B159F6}"
	ProjectSection(ProjectDependencies) = postProject
		{0B49D3E7-F82E-486A-8212-5DA19CA5F3E8} = {0B49D3E7-F82E-486A-8212-5DA19CA5F3E8}
		{185EEEFC-3B88-4F69-8FAC-D55FB5F1AE28} = {185EEEFC-3B88-4F69-8FAC-D55FB5F1AE28}
		{37B5BB98-47CC-4566-9ACF-51E1E181B732} = {37B5BB98-47CC-4566-9ACF-51E1E181B732}
		{7A1FE01C-F361-46AD-A385-A59EE5B334C3} = {7A1FE01C-F361-46AD-A385-A59EE5B334C3}
		{7E7B88C4-4311-4F96-8383-13E07653686D} = {7E7B88C4-4311-4F96-8383-13E07653686D}
		{8388FEAA-CDFA-430C-945D-5272AB6D3980} = {8388FEAA-CDFA-430C-945D-5272AB6D3980}
		{A1F7489E-B003-4566-A81F-BFF6AF321BF1} = {A1F7489E-B003-4566-A81F-BFF6AF321BF1}
		{EFD64A1D-6D9A-4716-BE18-84899483977F} = {EFD64A1D-6D9A-4716-BE18-84899483977F}
	EndProjectSection
EndProject
Project("{8BC9CEB8-8B4A-11D0-8D11-00A0C91BC942}") = "VIC20CRTGenerator", "projects\VIC20CRTGenerator\VIC20CRTGenerator.vcxproj", "{ECEC4071-1960-4912-B170-D5ECE0A87049}"
	ProjectSection(ProjectDependencies) = postProject
		{0B49D3E7-F82E-486A-8212-5DA19CA5F3E8} = {0B49D3E7-F82E-486A-8212-5DA19CA5F3E8}
		{185EEEFC-3B88-4F69-8FAC-D55FB5F1AE28} = {185EEEFC-3B88-4F69-8FAC-D55FB5F1AE28}
		{37B5BB98-47CC-4566-9ACF-51E1E181B732} = {37B5BB98-47CC-4566-9ACF-51E1E181B732}
		{7A1FE01C-F361-46AD-A385-A59EE5B334C3} = {7A1FE01C-F361-46AD-A385-A59EE5B334C3}
		{7E7B88C4-4311-4F96-8383-13E07653686D} = {7E7B88C4-4311-4F96-8383-13E07653686D}
		{8388FEAA-CDFA-430C-945D-5272AB6D3980} = {8388FEAA-CDFA-430C-945D-5272AB6D3980}
		{A1F7489E-B003-4566-A81F-BFF6AF321BF1} = {A1F7489E-B003-4566-A81F-BFF6AF321BF1}
		{EFD64A1D-6D9A-4716-BE18-84899483977F} = {EFD64A1D-6D9A-4716-BE18-84899483977F}
	EndProjectSection
EndProject
Project("{2150E333-8FDC-42A3-9474-1A3956D46DE8}") = "C264", "C264", "{6DB14B17-8F54-4FB2-B592-DEF4FF150EE0}"
EndProject
Project("{2150E333-8FDC-42A3-9474-1A3956D46DE8}") = "C264Programs", "C264Programs", "{5575BE12-6BAE-4EEA-A6D4-3659368FD241}"
EndProject
Project("{2150E333-8FDC-42A3-9474-1A3956D46DE8}") = "ZX81", "ZX81", "{2498C702-8A46-4F55-A15F-9D2CC2622D66}"
EndProject
Project("{2150E333-8FDC-42A3-9474-1A3956D46DE8}") = "ZX81Programs", "ZX81Programs", "{7A65EAE2-DFF3-4A7F-865A-187C4CF9C9AF}"
EndProject
Project("{8BC9CEB8-8B4A-11D0-8D11-00A0C91BC942}") = "C264", "projects\C264\C264.vcxproj", "{FCBC17FF-B2B6-47B0-87E2-D1CAB39B5508}"
	ProjectSection(ProjectDependencies) = postProject
		{0B49D3E7-F82E-486A-8212-5DA19CA5F3E8} = {0B49D3E7-F82E-486A-8212-5DA19CA5F3E8}
		{37B5BB98-47CC-4566-9ACF-51E1E181B732} = {37B5BB98-47CC-4566-9ACF-51E1E181B732}
		{7A1FE01C-F361-46AD-A385-A59EE5B334C3} = {7A1FE01C-F361-46AD-A385-A59EE5B334C3}
		{7E7B88C4-4311-4F96-8383-13E07653686D} = {7E7B88C4-4311-4F96-8383-13E07653686D}
		{8388FEAA-CDFA-430C-945D-5272AB6D3980} = {8388FEAA-CDFA-430C-945D-5272AB6D3980}
		{A1F7489E-B003-4566-A81F-BFF6AF321BF1} = {A1F7489E-B003-4566-A81F-BFF6AF321BF1}
		{EFD64A1D-6D9A-4716-BE18-84899483977F} = {EFD64A1D-6D9A-4716-BE18-84899483977F}
	EndProjectSection
EndProject
Project("{8BC9CEB8-8B4A-11D0-8D11-00A0C91BC942}") = "C264EmulatorC", "emulators\C264EmulatorC\C264EmulatorC.vcxproj", "{6CC4A905-2047-40A8-B004-E6B5B7F4805C}"
	ProjectSection(ProjectDependencies) = postProject
		{0B49D3E7-F82E-486A-8212-5DA19CA5F3E8} = {0B49D3E7-F82E-486A-8212-5DA19CA5F3E8}
		{37B5BB98-47CC-4566-9ACF-51E1E181B732} = {37B5BB98-47CC-4566-9ACF-51E1E181B732}
		{7A1FE01C-F361-46AD-A385-A59EE5B334C3} = {7A1FE01C-F361-46AD-A385-A59EE5B334C3}
		{7E7B88C4-4311-4F96-8383-13E07653686D} = {7E7B88C4-4311-4F96-8383-13E07653686D}
		{8388FEAA-CDFA-430C-945D-5272AB6D3980} = {8388FEAA-CDFA-430C-945D-5272AB6D3980}
		{A1F7489E-B003-4566-A81F-BFF6AF321BF1} = {A1F7489E-B003-4566-A81F-BFF6AF321BF1}
		{EFD64A1D-6D9A-4716-BE18-84899483977F} = {EFD64A1D-6D9A-4716-BE18-84899483977F}
		{FCBC17FF-B2B6-47B0-87E2-D1CAB39B5508} = {FCBC17FF-B2B6-47B0-87E2-D1CAB39B5508}
	EndProjectSection
EndProject
Project("{8BC9CEB8-8B4A-11D0-8D11-00A0C91BC942}") = "C264Emulator", "emulators\C264Emulator\C264Emulator.vcxproj", "{2E79732E-BCF1-4478-96E9-D124EFDC3B12}"
	ProjectSection(ProjectDependencies) = postProject
		{0B49D3E7-F82E-486A-8212-5DA19CA5F3E8} = {0B49D3E7-F82E-486A-8212-5DA19CA5F3E8}
		{37B5BB98-47CC-4566-9ACF-51E1E181B732} = {37B5BB98-47CC-4566-9ACF-51E1E181B732}
		{7A1FE01C-F361-46AD-A385-A59EE5B334C3} = {7A1FE01C-F361-46AD-A385-A59EE5B334C3}
		{7E7B88C4-4311-4F96-8383-13E07653686D} = {7E7B88C4-4311-4F96-8383-13E07653686D}
		{8388FEAA-CDFA-430C-945D-5272AB6D3980} = {8388FEAA-CDFA-430C-945D-5272AB6D3980}
		{A1F7489E-B003-4566-A81F-BFF6AF321BF1} = {A1F7489E-B003-4566-A81F-BFF6AF321BF1}
		{EFD64A1D-6D9A-4716-BE18-84899483977F} = {EFD64A1D-6D9A-4716-BE18-84899483977F}
		{FCBC17FF-B2B6-47B0-87E2-D1CAB39B5508} = {FCBC17FF-B2B6-47B0-87E2-D1CAB39B5508}
	EndProjectSection
EndProject
Project("{8BC9CEB8-8B4A-11D0-8D11-00A0C91BC942}") = "R264Console", "monitors\R264Console\R264Console.vcxproj", "{0F697139-0B28-43F6-867A-DDFB942C06CA}"
	ProjectSection(ProjectDependencies) = postProject
		{0B49D3E7-F82E-486A-8212-5DA19CA5F3E8} = {0B49D3E7-F82E-486A-8212-5DA19CA5F3E8}
		{37B5BB98-47CC-4566-9ACF-51E1E181B732} = {37B5BB98-47CC-4566-9ACF-51E1E181B732}
		{7A1FE01C-F361-46AD-A385-A59EE5B334C3} = {7A1FE01C-F361-46AD-A385-A59EE5B334C3}
		{7E7B88C4-4311-4F96-8383-13E07653686D} = {7E7B88C4-4311-4F96-8383-13E07653686D}
		{8388FEAA-CDFA-430C-945D-5272AB6D3980} = {8388FEAA-CDFA-430C-945D-5272AB6D3980}
		{A1F7489E-B003-4566-A81F-BFF6AF321BF1} = {A1F7489E-B003-4566-A81F-BFF6AF321BF1}
		{EFD64A1D-6D9A-4716-BE18-84899483977F} = {EFD64A1D-6D9A-4716-BE18-84899483977F}
		{FCBC17FF-B2B6-47B0-87E2-D1CAB39B5508} = {FCBC17FF-B2B6-47B0-87E2-D1CAB39B5508}
	EndProjectSection
EndProject
Project("{8BC9CEB8-8B4A-11D0-8D11-00A0C91BC942}") = "SINCLAIR", "projects\SINCLAIR\SINCLAIR.vcxproj", "{143A5EF6-CE95-4DB6-906C-5DD325D19442}"
	ProjectSection(ProjectDependencies) = postProject
		{7A1FE01C-F361-46AD-A385-A59EE5B334C3} = {7A1FE01C-F361-46AD-A385-A59EE5B334C3}
		{7E7B88C4-4311-4F96-8383-13E07653686D} = {7E7B88C4-4311-4F96-8383-13E07653686D}
		{8388FEAA-CDFA-430C-945D-5272AB6D3980} = {8388FEAA-CDFA-430C-945D-5272AB6D3980}
		{A1F7489E-B003-4566-A81F-BFF6AF321BF1} = {A1F7489E-B003-4566-A81F-BFF6AF321BF1}
		{BB5F1B61-0ECD-4B61-8E1C-2C68D7A1A0CC} = {BB5F1B61-0ECD-4B61-8E1C-2C68D7A1A0CC}
		{EFD64A1D-6D9A-4716-BE18-84899483977F} = {EFD64A1D-6D9A-4716-BE18-84899483977F}
	EndProjectSection
EndProject
Project("{8BC9CEB8-8B4A-11D0-8D11-00A0C91BC942}") = "ZX81", "projects\ZX81\ZX81.vcxproj", "{CEFEA85C-5DE2-430E-B9FB-0818CEA575FA}"
	ProjectSection(ProjectDependencies) = postProject
		{143A5EF6-CE95-4DB6-906C-5DD325D19442} = {143A5EF6-CE95-4DB6-906C-5DD325D19442}
		{7A1FE01C-F361-46AD-A385-A59EE5B334C3} = {7A1FE01C-F361-46AD-A385-A59EE5B334C3}
		{7E7B88C4-4311-4F96-8383-13E07653686D} = {7E7B88C4-4311-4F96-8383-13E07653686D}
		{8388FEAA-CDFA-430C-945D-5272AB6D3980} = {8388FEAA-CDFA-430C-945D-5272AB6D3980}
		{A1F7489E-B003-4566-A81F-BFF6AF321BF1} = {A1F7489E-B003-4566-A81F-BFF6AF321BF1}
		{BB5F1B61-0ECD-4B61-8E1C-2C68D7A1A0CC} = {BB5F1B61-0ECD-4B61-8E1C-2C68D7A1A0CC}
		{EFD64A1D-6D9A-4716-BE18-84899483977F} = {EFD64A1D-6D9A-4716-BE18-84899483977F}
	EndProjectSection
EndProject
Project("{8BC9CEB8-8B4A-11D0-8D11-00A0C91BC942}") = "ZX81EmulatorC", "emulators\ZX81EmulatorC\ZX81EmulatorC.vcxproj", "{52EBC106-FB71-4CD7-B942-6C3729BAC387}"
	ProjectSection(ProjectDependencies) = postProject
		{143A5EF6-CE95-4DB6-906C-5DD325D19442} = {143A5EF6-CE95-4DB6-906C-5DD325D19442}
		{7A1FE01C-F361-46AD-A385-A59EE5B334C3} = {7A1FE01C-F361-46AD-A385-A59EE5B334C3}
		{7E7B88C4-4311-4F96-8383-13E07653686D} = {7E7B88C4-4311-4F96-8383-13E07653686D}
		{8388FEAA-CDFA-430C-945D-5272AB6D3980} = {8388FEAA-CDFA-430C-945D-5272AB6D3980}
		{A1F7489E-B003-4566-A81F-BFF6AF321BF1} = {A1F7489E-B003-4566-A81F-BFF6AF321BF1}
		{BB5F1B61-0ECD-4B61-8E1C-2C68D7A1A0CC} = {BB5F1B61-0ECD-4B61-8E1C-2C68D7A1A0CC}
		{CEFEA85C-5DE2-430E-B9FB-0818CEA575FA} = {CEFEA85C-5DE2-430E-B9FB-0818CEA575FA}
		{EFD64A1D-6D9A-4716-BE18-84899483977F} = {EFD64A1D-6D9A-4716-BE18-84899483977F}
	EndProjectSection
EndProject
Project("{8BC9CEB8-8B4A-11D0-8D11-00A0C91BC942}") = "ZX81Emulator", "emulators\ZX81Emulator\ZX81Emulator.vcxproj", "{B78DF594-0542-4D34-8B56-D601A28235FF}"
	ProjectSection(ProjectDependencies) = postProject
		{143A5EF6-CE95-4DB6-906C-5DD325D19442} = {143A5EF6-CE95-4DB6-906C-5DD325D19442}
		{7A1FE01C-F361-46AD-A385-A59EE5B334C3} = {7A1FE01C-F361-46AD-A385-A59EE5B334C3}
		{7E7B88C4-4311-4F96-8383-13E07653686D} = {7E7B88C4-4311-4F96-8383-13E07653686D}
		{8388FEAA-CDFA-430C-945D-5272AB6D3980} = {8388FEAA-CDFA-430C-945D-5272AB6D3980}
		{A1F7489E-B003-4566-A81F-BFF6AF321BF1} = {A1F7489E-B003-4566-A81F-BFF6AF321BF1}
		{BB5F1B61-0ECD-4B61-8E1C-2C68D7A1A0CC} = {BB5F1B61-0ECD-4B61-8E1C-2C68D7A1A0CC}
		{CEFEA85C-5DE2-430E-B9FB-0818CEA575FA} = {CEFEA85C-5DE2-430E-B9FB-0818CEA575FA}
		{EFD64A1D-6D9A-4716-BE18-84899483977F} = {EFD64A1D-6D9A-4716-BE18-84899483977F}
	EndProjectSection
EndProject
Project("{8BC9CEB8-8B4A-11D0-8D11-00A0C91BC942}") = "RZX81Console", "monitors\RZX81Console\RZX81Console.vcxproj", "{FC2EF6D6-403F-462B-8845-40F4F5743B58}"
	ProjectSection(ProjectDependencies) = postProject
		{143A5EF6-CE95-4DB6-906C-5DD325D19442} = {143A5EF6-CE95-4DB6-906C-5DD325D19442}
		{7A1FE01C-F361-46AD-A385-A59EE5B334C3} = {7A1FE01C-F361-46AD-A385-A59EE5B334C3}
		{7E7B88C4-4311-4F96-8383-13E07653686D} = {7E7B88C4-4311-4F96-8383-13E07653686D}
		{8388FEAA-CDFA-430C-945D-5272AB6D3980} = {8388FEAA-CDFA-430C-945D-5272AB6D3980}
		{A1F7489E-B003-4566-A81F-BFF6AF321BF1} = {A1F7489E-B003-4566-A81F-BFF6AF321BF1}
		{BB5F1B61-0ECD-4B61-8E1C-2C68D7A1A0CC} = {BB5F1B61-0ECD-4B61-8E1C-2C68D7A1A0CC}
		{CEFEA85C-5DE2-430E-B9FB-0818CEA575FA} = {CEFEA85C-5DE2-430E-B9FB-0818CEA575FA}
		{EFD64A1D-6D9A-4716-BE18-84899483977F} = {EFD64A1D-6D9A-4716-BE18-84899483977F}
	EndProjectSection
EndProject
Global
	GlobalSection(SolutionConfigurationPlatforms) = preSolution
		Debug|x64 = Debug|x64
		Debug|x86 = Debug|x86
		Release|x64 = Release|x64
		Release|x86 = Release|x86
	EndGlobalSection
	GlobalSection(ProjectConfigurationPlatforms) = postSolution
		{0B49D3E7-F82E-486A-8212-5DA19CA5F3E8}.Debug|x64.ActiveCfg = Debug|x64
		{0B49D3E7-F82E-486A-8212-5DA19CA5F3E8}.Debug|x64.Build.0 = Debug|x64
		{0B49D3E7-F82E-486A-8212-5DA19CA5F3E8}.Debug|x86.ActiveCfg = Debug|Win32
		{0B49D3E7-F82E-486A-8212-5DA19CA5F3E8}.Debug|x86.Build.0 = Debug|Win32
		{0B49D3E7-F82E-486A-8212-5DA19CA5F3E8}.Release|x64.ActiveCfg = Release|x64
		{0B49D3E7-F82E-486A-8212-5DA19CA5F3E8}.Release|x64.Build.0 = Release|x64
		{0B49D3E7-F82E-486A-8212-5DA19CA5F3E8}.Release|x86.ActiveCfg = Release|Win32
		{0B49D3E7-F82E-486A-8212-5DA19CA5F3E8}.Release|x86.Build.0 = Release|Win32
		{232573A6-2559-4F0D-8726-7100F1D3F240}.Debug|x64.ActiveCfg = Debug|x64
		{232573A6-2559-4F0D-8726-7100F1D3F240}.Debug|x64.Build.0 = Debug|x64
		{232573A6-2559-4F0D-8726-7100F1D3F240}.Debug|x86.ActiveCfg = Debug|Win32
		{232573A6-2559-4F0D-8726-7100F1D3F240}.Debug|x86.Build.0 = Debug|Win32
		{232573A6-2559-4F0D-8726-7100F1D3F240}.Release|x64.ActiveCfg = Release|x64
		{232573A6-2559-4F0D-8726-7100F1D3F240}.Release|x64.Build.0 = Release|x64
		{232573A6-2559-4F0D-8726-7100F1D3F240}.Release|x86.ActiveCfg = Release|Win32
		{232573A6-2559-4F0D-8726-7100F1D3F240}.Release|x86.Build.0 = Release|Win32
		{2861B305-8103-477A-867C-0561EC31D932}.Debug|x64.ActiveCfg = Debug|x64
		{2861B305-8103-477A-867C-0561EC31D932}.Debug|x64.Build.0 = Debug|x64
		{2861B305-8103-477A-867C-0561EC31D932}.Debug|x86.ActiveCfg = Debug|Win32
		{2861B305-8103-477A-867C-0561EC31D932}.Debug|x86.Build.0 = Debug|Win32
		{2861B305-8103-477A-867C-0561EC31D932}.Release|x64.ActiveCfg = Release|x64
		{2861B305-8103-477A-867C-0561EC31D932}.Release|x64.Build.0 = Release|x64
		{2861B305-8103-477A-867C-0561EC31D932}.Release|x86.ActiveCfg = Release|Win32
		{2861B305-8103-477A-867C-0561EC31D932}.Release|x86.Build.0 = Release|Win32
		{30FEF6D5-1B7C-40A6-9034-0ACF23A4C5EA}.Debug|x64.ActiveCfg = Debug|x64
		{30FEF6D5-1B7C-40A6-9034-0ACF23A4C5EA}.Debug|x64.Build.0 = Debug|x64
		{30FEF6D5-1B7C-40A6-9034-0ACF23A4C5EA}.Debug|x86.ActiveCfg = Debug|Win32
		{30FEF6D5-1B7C-40A6-9034-0ACF23A4C5EA}.Debug|x86.Build.0 = Debug|Win32
		{30FEF6D5-1B7C-40A6-9034-0ACF23A4C5EA}.Release|x64.ActiveCfg = Release|x64
		{30FEF6D5-1B7C-40A6-9034-0ACF23A4C5EA}.Release|x64.Build.0 = Release|x64
		{30FEF6D5-1B7C-40A6-9034-0ACF23A4C5EA}.Release|x86.ActiveCfg = Release|Win32
		{30FEF6D5-1B7C-40A6-9034-0ACF23A4C5EA}.Release|x86.Build.0 = Release|Win32
		{8388FEAA-CDFA-430C-945D-5272AB6D3980}.Debug|x64.ActiveCfg = Debug|x64
		{8388FEAA-CDFA-430C-945D-5272AB6D3980}.Debug|x64.Build.0 = Debug|x64
		{8388FEAA-CDFA-430C-945D-5272AB6D3980}.Debug|x86.ActiveCfg = Debug|Win32
		{8388FEAA-CDFA-430C-945D-5272AB6D3980}.Debug|x86.Build.0 = Debug|Win32
		{8388FEAA-CDFA-430C-945D-5272AB6D3980}.Release|x64.ActiveCfg = Release|x64
		{8388FEAA-CDFA-430C-945D-5272AB6D3980}.Release|x64.Build.0 = Release|x64
		{8388FEAA-CDFA-430C-945D-5272AB6D3980}.Release|x86.ActiveCfg = Release|Win32
		{8388FEAA-CDFA-430C-945D-5272AB6D3980}.Release|x86.Build.0 = Release|Win32
		{EFD64A1D-6D9A-4716-BE18-84899483977F}.Debug|x64.ActiveCfg = Debug|x64
		{EFD64A1D-6D9A-4716-BE18-84899483977F}.Debug|x64.Build.0 = Debug|x64
		{EFD64A1D-6D9A-4716-BE18-84899483977F}.Debug|x86.ActiveCfg = Debug|Win32
		{EFD64A1D-6D9A-4716-BE18-84899483977F}.Debug|x86.Build.0 = Debug|Win32
		{EFD64A1D-6D9A-4716-BE18-84899483977F}.Release|x64.ActiveCfg = Release|x64
		{EFD64A1D-6D9A-4716-BE18-84899483977F}.Release|x64.Build.0 = Release|x64
		{EFD64A1D-6D9A-4716-BE18-84899483977F}.Release|x86.ActiveCfg = Release|Win32
		{EFD64A1D-6D9A-4716-BE18-84899483977F}.Release|x86.Build.0 = Release|Win32
		{7A1FE01C-F361-46AD-A385-A59EE5B334C3}.Debug|x64.ActiveCfg = Debug|x64
		{7A1FE01C-F361-46AD-A385-A59EE5B334C3}.Debug|x64.Build.0 = Debug|x64
		{7A1FE01C-F361-46AD-A385-A59EE5B334C3}.Debug|x86.ActiveCfg = Debug|Win32
		{7A1FE01C-F361-46AD-A385-A59EE5B334C3}.Debug|x86.Build.0 = Debug|Win32
		{7A1FE01C-F361-46AD-A385-A59EE5B334C3}.Release|x64.ActiveCfg = Release|x64
		{7A1FE01C-F361-46AD-A385-A59EE5B334C3}.Release|x64.Build.0 = Release|x64
		{7A1FE01C-F361-46AD-A385-A59EE5B334C3}.Release|x86.ActiveCfg = Release|Win32
		{7A1FE01C-F361-46AD-A385-A59EE5B334C3}.Release|x86.Build.0 = Release|Win32
		{7F8B3B2E-E850-4AFD-9798-A94574BE9E4A}.Debug|x64.ActiveCfg = Debug|x64
		{7F8B3B2E-E850-4AFD-9798-A94574BE9E4A}.Debug|x64.Build.0 = Debug|x64
		{7F8B3B2E-E850-4AFD-9798-A94574BE9E4A}.Debug|x86.ActiveCfg = Debug|Win32
		{7F8B3B2E-E850-4AFD-9798-A94574BE9E4A}.Debug|x86.Build.0 = Debug|Win32
		{7F8B3B2E-E850-4AFD-9798-A94574BE9E4A}.Release|x64.ActiveCfg = Release|x64
		{7F8B3B2E-E850-4AFD-9798-A94574BE9E4A}.Release|x64.Build.0 = Release|x64
		{7F8B3B2E-E850-4AFD-9798-A94574BE9E4A}.Release|x86.ActiveCfg = Release|Win32
		{7F8B3B2E-E850-4AFD-9798-A94574BE9E4A}.Release|x86.Build.0 = Release|Win32
		{A1F7489E-B003-4566-A81F-BFF6AF321BF1}.Debug|x64.ActiveCfg = Debug|x64
		{A1F7489E-B003-4566-A81F-BFF6AF321BF1}.Debug|x64.Build.0 = Debug|x64
		{A1F7489E-B003-4566-A81F-BFF6AF321BF1}.Debug|x86.ActiveCfg = Debug|Win32
		{A1F7489E-B003-4566-A81F-BFF6AF321BF1}.Debug|x86.Build.0 = Debug|Win32
		{A1F7489E-B003-4566-A81F-BFF6AF321BF1}.Release|x64.ActiveCfg = Release|x64
		{A1F7489E-B003-4566-A81F-BFF6AF321BF1}.Release|x64.Build.0 = Release|x64
		{A1F7489E-B003-4566-A81F-BFF6AF321BF1}.Release|x86.ActiveCfg = Release|Win32
		{A1F7489E-B003-4566-A81F-BFF6AF321BF1}.Release|x86.Build.0 = Release|Win32
		{7E7B88C4-4311-4F96-8383-13E07653686D}.Debug|x64.ActiveCfg = Debug|x64
		{7E7B88C4-4311-4F96-8383-13E07653686D}.Debug|x64.Build.0 = Debug|x64
		{7E7B88C4-4311-4F96-8383-13E07653686D}.Debug|x86.ActiveCfg = Debug|Win32
		{7E7B88C4-4311-4F96-8383-13E07653686D}.Debug|x86.Build.0 = Debug|Win32
		{7E7B88C4-4311-4F96-8383-13E07653686D}.Release|x64.ActiveCfg = Release|x64
		{7E7B88C4-4311-4F96-8383-13E07653686D}.Release|x64.Build.0 = Release|x64
		{7E7B88C4-4311-4F96-8383-13E07653686D}.Release|x86.ActiveCfg = Release|Win32
		{7E7B88C4-4311-4F96-8383-13E07653686D}.Release|x86.Build.0 = Release|Win32
		{AF53DEDC-F49D-447A-8B2F-F5DBE93F6EB7}.Debug|x64.ActiveCfg = Debug|x64
		{AF53DEDC-F49D-447A-8B2F-F5DBE93F6EB7}.Debug|x64.Build.0 = Debug|x64
		{AF53DEDC-F49D-447A-8B2F-F5DBE93F6EB7}.Debug|x86.ActiveCfg = Debug|Win32
		{AF53DEDC-F49D-447A-8B2F-F5DBE93F6EB7}.Debug|x86.Build.0 = Debug|Win32
		{AF53DEDC-F49D-447A-8B2F-F5DBE93F6EB7}.Release|x64.ActiveCfg = Release|x64
		{AF53DEDC-F49D-447A-8B2F-F5DBE93F6EB7}.Release|x64.Build.0 = Release|x64
		{AF53DEDC-F49D-447A-8B2F-F5DBE93F6EB7}.Release|x86.ActiveCfg = Release|Win32
		{AF53DEDC-F49D-447A-8B2F-F5DBE93F6EB7}.Release|x86.Build.0 = Release|Win32
		{650026B3-1AF8-42FB-B520-0B94239CF962}.Debug|x64.ActiveCfg = Debug|x64
		{650026B3-1AF8-42FB-B520-0B94239CF962}.Debug|x64.Build.0 = Debug|x64
		{650026B3-1AF8-42FB-B520-0B94239CF962}.Debug|x86.ActiveCfg = Debug|Win32
		{650026B3-1AF8-42FB-B520-0B94239CF962}.Debug|x86.Build.0 = Debug|Win32
		{650026B3-1AF8-42FB-B520-0B94239CF962}.Release|x64.ActiveCfg = Release|x64
		{650026B3-1AF8-42FB-B520-0B94239CF962}.Release|x64.Build.0 = Release|x64
		{650026B3-1AF8-42FB-B520-0B94239CF962}.Release|x86.ActiveCfg = Release|Win32
		{650026B3-1AF8-42FB-B520-0B94239CF962}.Release|x86.Build.0 = Release|Win32
		{791FCA28-ED93-4F02-B2EA-513F086F1C39}.Debug|x64.ActiveCfg = Debug|x64
		{791FCA28-ED93-4F02-B2EA-513F086F1C39}.Debug|x64.Build.0 = Debug|x64
		{791FCA28-ED93-4F02-B2EA-513F086F1C39}.Debug|x86.ActiveCfg = Debug|Win32
		{791FCA28-ED93-4F02-B2EA-513F086F1C39}.Debug|x86.Build.0 = Debug|Win32
		{791FCA28-ED93-4F02-B2EA-513F086F1C39}.Release|x64.ActiveCfg = Release|x64
		{791FCA28-ED93-4F02-B2EA-513F086F1C39}.Release|x64.Build.0 = Release|x64
		{791FCA28-ED93-4F02-B2EA-513F086F1C39}.Release|x86.ActiveCfg = Release|Win32
		{791FCA28-ED93-4F02-B2EA-513F086F1C39}.Release|x86.Build.0 = Release|Win32
		{37B5BB98-47CC-4566-9ACF-51E1E181B732}.Debug|x64.ActiveCfg = Debug|x64
		{37B5BB98-47CC-4566-9ACF-51E1E181B732}.Debug|x64.Build.0 = Debug|x64
		{37B5BB98-47CC-4566-9ACF-51E1E181B732}.Debug|x86.ActiveCfg = Debug|Win32
		{37B5BB98-47CC-4566-9ACF-51E1E181B732}.Debug|x86.Build.0 = Debug|Win32
		{37B5BB98-47CC-4566-9ACF-51E1E181B732}.Release|x64.ActiveCfg = Release|x64
		{37B5BB98-47CC-4566-9ACF-51E1E181B732}.Release|x64.Build.0 = Release|x64
		{37B5BB98-47CC-4566-9ACF-51E1E181B732}.Release|x86.ActiveCfg = Release|Win32
		{37B5BB98-47CC-4566-9ACF-51E1E181B732}.Release|x86.Build.0 = Release|Win32
		{4844D8BE-3DCA-455A-87CD-25AF8FFBC0E8}.Debug|x64.ActiveCfg = Debug|x64
		{4844D8BE-3DCA-455A-87CD-25AF8FFBC0E8}.Debug|x64.Build.0 = Debug|x64
		{4844D8BE-3DCA-455A-87CD-25AF8FFBC0E8}.Debug|x86.ActiveCfg = Debug|Win32
		{4844D8BE-3DCA-455A-87CD-25AF8FFBC0E8}.Debug|x86.Build.0 = Debug|Win32
		{4844D8BE-3DCA-455A-87CD-25AF8FFBC0E8}.Release|x64.ActiveCfg = Release|x64
		{4844D8BE-3DCA-455A-87CD-25AF8FFBC0E8}.Release|x64.Build.0 = Release|x64
		{4844D8BE-3DCA-455A-87CD-25AF8FFBC0E8}.Release|x86.ActiveCfg = Release|Win32
		{4844D8BE-3DCA-455A-87CD-25AF8FFBC0E8}.Release|x86.Build.0 = Release|Win32
		{F5541340-0F51-4C48-8AD1-3DC8F25D1A5D}.Debug|x64.ActiveCfg = Debug|x64
		{F5541340-0F51-4C48-8AD1-3DC8F25D1A5D}.Debug|x64.Build.0 = Debug|x64
		{F5541340-0F51-4C48-8AD1-3DC8F25D1A5D}.Debug|x86.ActiveCfg = Debug|Win32
		{F5541340-0F51-4C48-8AD1-3DC8F25D1A5D}.Debug|x86.Build.0 = Debug|Win32
		{F5541340-0F51-4C48-8AD1-3DC8F25D1A5D}.Release|x64.ActiveCfg = Release|x64
		{F5541340-0F51-4C48-8AD1-3DC8F25D1A5D}.Release|x64.Build.0 = Release|x64
		{F5541340-0F51-4C48-8AD1-3DC8F25D1A5D}.Release|x86.ActiveCfg = Release|Win32
		{F5541340-0F51-4C48-8AD1-3DC8F25D1A5D}.Release|x86.Build.0 = Release|Win32
		{BB5F1B61-0ECD-4B61-8E1C-2C68D7A1A0CC}.Debug|x64.ActiveCfg = Debug|x64
		{BB5F1B61-0ECD-4B61-8E1C-2C68D7A1A0CC}.Debug|x64.Build.0 = Debug|x64
		{BB5F1B61-0ECD-4B61-8E1C-2C68D7A1A0CC}.Debug|x86.ActiveCfg = Debug|Win32
		{BB5F1B61-0ECD-4B61-8E1C-2C68D7A1A0CC}.Debug|x86.Build.0 = Debug|Win32
		{BB5F1B61-0ECD-4B61-8E1C-2C68D7A1A0CC}.Release|x64.ActiveCfg = Release|x64
		{BB5F1B61-0ECD-4B61-8E1C-2C68D7A1A0CC}.Release|x64.Build.0 = Release|x64
		{BB5F1B61-0ECD-4B61-8E1C-2C68D7A1A0CC}.Release|x86.ActiveCfg = Release|Win32
		{BB5F1B61-0ECD-4B61-8E1C-2C68D7A1A0CC}.Release|x86.Build.0 = Release|Win32
		{185EEEFC-3B88-4F69-8FAC-D55FB5F1AE28}.Debug|x64.ActiveCfg = Debug|x64
		{185EEEFC-3B88-4F69-8FAC-D55FB5F1AE28}.Debug|x64.Build.0 = Debug|x64
		{185EEEFC-3B88-4F69-8FAC-D55FB5F1AE28}.Debug|x86.ActiveCfg = Debug|Win32
		{185EEEFC-3B88-4F69-8FAC-D55FB5F1AE28}.Debug|x86.Build.0 = Debug|Win32
		{185EEEFC-3B88-4F69-8FAC-D55FB5F1AE28}.Release|x64.ActiveCfg = Release|x64
		{185EEEFC-3B88-4F69-8FAC-D55FB5F1AE28}.Release|x64.Build.0 = Release|x64
		{185EEEFC-3B88-4F69-8FAC-D55FB5F1AE28}.Release|x86.ActiveCfg = Release|Win32
		{185EEEFC-3B88-4F69-8FAC-D55FB5F1AE28}.Release|x86.Build.0 = Release|Win32
		{7EC464FE-0D2B-47EA-9803-431C497EECDB}.Debug|x64.ActiveCfg = Debug|x64
		{7EC464FE-0D2B-47EA-9803-431C497EECDB}.Debug|x64.Build.0 = Debug|x64
		{7EC464FE-0D2B-47EA-9803-431C497EECDB}.Debug|x86.ActiveCfg = Debug|Win32
		{7EC464FE-0D2B-47EA-9803-431C497EECDB}.Debug|x86.Build.0 = Debug|Win32
		{7EC464FE-0D2B-47EA-9803-431C497EECDB}.Release|x64.ActiveCfg = Release|x64
		{7EC464FE-0D2B-47EA-9803-431C497EECDB}.Release|x64.Build.0 = Release|x64
		{7EC464FE-0D2B-47EA-9803-431C497EECDB}.Release|x86.ActiveCfg = Release|Win32
		{7EC464FE-0D2B-47EA-9803-431C497EECDB}.Release|x86.Build.0 = Release|Win32
		{454772DB-C287-4FF8-BC97-B84B130C4FC7}.Debug|x64.ActiveCfg = Debug|x64
		{454772DB-C287-4FF8-BC97-B84B130C4FC7}.Debug|x64.Build.0 = Debug|x64
		{454772DB-C287-4FF8-BC97-B84B130C4FC7}.Debug|x86.ActiveCfg = Debug|Win32
		{454772DB-C287-4FF8-BC97-B84B130C4FC7}.Debug|x86.Build.0 = Debug|Win32
		{454772DB-C287-4FF8-BC97-B84B130C4FC7}.Release|x64.ActiveCfg = Release|x64
		{454772DB-C287-4FF8-BC97-B84B130C4FC7}.Release|x64.Build.0 = Release|x64
		{454772DB-C287-4FF8-BC97-B84B130C4FC7}.Release|x86.ActiveCfg = Release|Win32
		{454772DB-C287-4FF8-BC97-B84B130C4FC7}.Release|x86.Build.0 = Release|Win32
		{4A312E0D-43F5-457F-90A7-374161DA41B1}.Debug|x64.ActiveCfg = Debug|x64
		{4A312E0D-43F5-457F-90A7-374161DA41B1}.Debug|x64.Build.0 = Debug|x64
		{4A312E0D-43F5-457F-90A7-374161DA41B1}.Debug|x86.ActiveCfg = Debug|Win32
		{4A312E0D-43F5-457F-90A7-374161DA41B1}.Debug|x86.Build.0 = Debug|Win32
		{4A312E0D-43F5-457F-90A7-374161DA41B1}.Release|x64.ActiveCfg = Release|x64
		{4A312E0D-43F5-457F-90A7-374161DA41B1}.Release|x64.Build.0 = Release|x64
		{4A312E0D-43F5-457F-90A7-374161DA41B1}.Release|x86.ActiveCfg = Release|Win32
		{4A312E0D-43F5-457F-90A7-374161DA41B1}.Release|x86.Build.0 = Release|Win32
		{E8ACAF7D-9087-4D95-989F-090E6E382347}.Debug|x64.ActiveCfg = Debug|x64
		{E8ACAF7D-9087-4D95-989F-090E6E382347}.Debug|x64.Build.0 = Debug|x64
		{E8ACAF7D-9087-4D95-989F-090E6E382347}.Debug|x86.ActiveCfg = Debug|Win32
		{E8ACAF7D-9087-4D95-989F-090E6E382347}.Debug|x86.Build.0 = Debug|Win32
		{E8ACAF7D-9087-4D95-989F-090E6E382347}.Release|x64.ActiveCfg = Release|x64
		{E8ACAF7D-9087-4D95-989F-090E6E382347}.Release|x64.Build.0 = Release|x64
		{E8ACAF7D-9087-4D95-989F-090E6E382347}.Release|x86.ActiveCfg = Release|Win32
		{E8ACAF7D-9087-4D95-989F-090E6E382347}.Release|x86.Build.0 = Release|Win32
		{D6B54BBF-89CE-4854-AAB2-A8E6CE3C47C1}.Debug|x64.ActiveCfg = Debug|x64
		{D6B54BBF-89CE-4854-AAB2-A8E6CE3C47C1}.Debug|x64.Build.0 = Debug|x64
		{D6B54BBF-89CE-4854-AAB2-A8E6CE3C47C1}.Debug|x86.ActiveCfg = Debug|Win32
		{D6B54BBF-89CE-4854-AAB2-A8E6CE3C47C1}.Debug|x86.Build.0 = Debug|Win32
		{D6B54BBF-89CE-4854-AAB2-A8E6CE3C47C1}.Release|x64.ActiveCfg = Release|x64
		{D6B54BBF-89CE-4854-AAB2-A8E6CE3C47C1}.Release|x64.Build.0 = Release|x64
		{D6B54BBF-89CE-4854-AAB2-A8E6CE3C47C1}.Release|x86.ActiveCfg = Release|Win32
		{D6B54BBF-89CE-4854-AAB2-A8E6CE3C47C1}.Release|x86.Build.0 = Release|Win32
		{F26FB5E5-F3D5-43D2-919C-4B3CA7B159F6}.Debug|x64.ActiveCfg = Debug|x64
		{F26FB5E5-F3D5-43D2-919C-4B3CA7B159F6}.Debug|x64.Build.0 = Debug|x64
		{F26FB5E5-F3D5-43D2-919C-4B3CA7B159F6}.Debug|x86.ActiveCfg = Debug|Win32
		{F26FB5E5-F3D5-43D2-919C-4B3CA7B159F6}.Debug|x86.Build.0 = Debug|Win32
		{F26FB5E5-F3D5-43D2-919C-4B3CA7B159F6}.Release|x64.ActiveCfg = Release|x64
		{F26FB5E5-F3D5-43D2-919C-4B3CA7B159F6}.Release|x64.Build.0 = Release|x64
		{F26FB5E5-F3D5-43D2-919C-4B3CA7B159F6}.Release|x86.ActiveCfg = Release|Win32
		{F26FB5E5-F3D5-43D2-919C-4B3CA7B159F6}.Release|x86.Build.0 = Release|Win32
		{ECEC4071-1960-4912-B170-D5ECE0A87049}.Debug|x64.ActiveCfg = Debug|x64
		{ECEC4071-1960-4912-B170-D5ECE0A87049}.Debug|x64.Build.0 = Debug|x64
		{ECEC4071-1960-4912-B170-D5ECE0A87049}.Debug|x86.ActiveCfg = Debug|Win32
		{ECEC4071-1960-4912-B170-D5ECE0A87049}.Debug|x86.Build.0 = Debug|Win32
		{ECEC4071-1960-4912-B170-D5ECE0A87049}.Release|x64.ActiveCfg = Release|x64
		{ECEC4071-1960-4912-B170-D5ECE0A87049}.Release|x64.Build.0 = Release|x64
		{ECEC4071-1960-4912-B170-D5ECE0A87049}.Release|x86.ActiveCfg = Release|Win32
		{ECEC4071-1960-4912-B170-D5ECE0A87049}.Release|x86.Build.0 = Release|Win32
		{FCBC17FF-B2B6-47B0-87E2-D1CAB39B5508}.Debug|x64.ActiveCfg = Debug|x64
		{FCBC17FF-B2B6-47B0-87E2-D1CAB39B5508}.Debug|x64.Build.0 = Debug|x64
		{FCBC17FF-B2B6-47B0-87E2-D1CAB39B5508}.Debug|x86.ActiveCfg = Debug|Win32
		{FCBC17FF-B2B6-47B0-87E2-D1CAB39B5508}.Debug|x86.Build.0 = Debug|Win32
		{FCBC17FF-B2B6-47B0-87E2-D1CAB39B5508}.Release|x64.ActiveCfg = Release|x64
		{FCBC17FF-B2B6-47B0-87E2-D1CAB39B5508}.Release|x64.Build.0 = Release|x64
		{FCBC17FF-B2B6-47B0-87E2-D1CAB39B5508}.Release|x86.ActiveCfg = Release|Win32
		{FCBC17FF-B2B6-47B0-87E2-D1CAB39B5508}.Release|x86.Build.0 = Release|Win32
		{6CC4A905-2047-40A8-B004-E6B5B7F4805C}.Debug|x64.ActiveCfg = Debug|x64
		{6CC4A905-2047-40A8-B004-E6B5B7F4805C}.Debug|x64.Build.0 = Debug|x64
		{6CC4A905-2047-40A8-B004-E6B5B7F4805C}.Debug|x86.ActiveCfg = Debug|Win32
		{6CC4A905-2047-40A8-B004-E6B5B7F4805C}.Debug|x86.Build.0 = Debug|Win32
		{6CC4A905-2047-40A8-B004-E6B5B7F4805C}.Release|x64.ActiveCfg = Release|x64
		{6CC4A905-2047-40A8-B004-E6B5B7F4805C}.Release|x64.Build.0 = Release|x64
		{6CC4A905-2047-40A8-B004-E6B5B7F4805C}.Release|x86.ActiveCfg = Release|Win32
		{6CC4A905-2047-40A8-B004-E6B5B7F4805C}.Release|x86.Build.0 = Release|Win32
		{2E79732E-BCF1-4478-96E9-D124EFDC3B12}.Debug|x64.ActiveCfg = Debug|x64
		{2E79732E-BCF1-4478-96E9-D124EFDC3B12}.Debug|x64.Build.0 = Debug|x64
		{2E79732E-BCF1-4478-96E9-D124EFDC3B12}.Debug|x86.ActiveCfg = Debug|Win32
		{2E79732E-BCF1-4478-96E9-D124EFDC3B12}.Debug|x86.Build.0 = Debug|Win32
		{2E79732E-BCF1-4478-96E9-D124EFDC3B12}.Release|x64.ActiveCfg = Release|x64
		{2E79732E-BCF1-4478-96E9-D124EFDC3B12}.Release|x64.Build.0 = Release|x64
		{2E79732E-BCF1-4478-96E9-D124EFDC3B12}.Release|x86.ActiveCfg = Release|Win32
		{2E79732E-BCF1-4478-96E9-D124EFDC3B12}.Release|x86.Build.0 = Release|Win32
		{0F697139-0B28-43F6-867A-DDFB942C06CA}.Debug|x64.ActiveCfg = Debug|x64
		{0F697139-0B28-43F6-867A-DDFB942C06CA}.Debug|x64.Build.0 = Debug|x64
		{0F697139-0B28-43F6-867A-DDFB942C06CA}.Debug|x86.ActiveCfg = Debug|Win32
		{0F697139-0B28-43F6-867A-DDFB942C06CA}.Debug|x86.Build.0 = Debug|Win32
		{0F697139-0B28-43F6-867A-DDFB942C06CA}.Release|x64.ActiveCfg = Release|x64
		{0F697139-0B28-43F6-867A-DDFB942C06CA}.Release|x64.Build.0 = Release|x64
		{0F697139-0B28-43F6-867A-DDFB942C06CA}.Release|x86.ActiveCfg = Release|Win32
		{0F697139-0B28-43F6-867A-DDFB942C06CA}.Release|x86.Build.0 = Release|Win32
		{143A5EF6-CE95-4DB6-906C-5DD325D19442}.Debug|x64.ActiveCfg = Debug|x64
		{143A5EF6-CE95-4DB6-906C-5DD325D19442}.Debug|x64.Build.0 = Debug|x64
		{143A5EF6-CE95-4DB6-906C-5DD325D19442}.Debug|x86.ActiveCfg = Debug|Win32
		{143A5EF6-CE95-4DB6-906C-5DD325D19442}.Debug|x86.Build.0 = Debug|Win32
		{143A5EF6-CE95-4DB6-906C-5DD325D19442}.Release|x64.ActiveCfg = Release|x64
		{143A5EF6-CE95-4DB6-906C-5DD325D19442}.Release|x64.Build.0 = Release|x64
		{143A5EF6-CE95-4DB6-906C-5DD325D19442}.Release|x86.ActiveCfg = Release|Win32
		{143A5EF6-CE95-4DB6-906C-5DD325D19442}.Release|x86.Build.0 = Release|Win32
		{CEFEA85C-5DE2-430E-B9FB-0818CEA575FA}.Debug|x64.ActiveCfg = Debug|x64
		{CEFEA85C-5DE2-430E-B9FB-0818CEA575FA}.Debug|x64.Build.0 = Debug|x64
		{CEFEA85C-5DE2-430E-B9FB-0818CEA575FA}.Debug|x86.ActiveCfg = Debug|Win32
		{CEFEA85C-5DE2-430E-B9FB-0818CEA575FA}.Debug|x86.Build.0 = Debug|Win32
		{CEFEA85C-5DE2-430E-B9FB-0818CEA575FA}.Release|x64.ActiveCfg = Release|x64
		{CEFEA85C-5DE2-430E-B9FB-0818CEA575FA}.Release|x64.Build.0 = Release|x64
		{CEFEA85C-5DE2-430E-B9FB-0818CEA575FA}.Release|x86.ActiveCfg = Release|Win32
		{CEFEA85C-5DE2-430E-B9FB-0818CEA575FA}.Release|x86.Build.0 = Release|Win32
		{52EBC106-FB71-4CD7-B942-6C3729BAC387}.Debug|x64.ActiveCfg = Debug|x64
		{52EBC106-FB71-4CD7-B942-6C3729BAC387}.Debug|x64.Build.0 = Debug|x64
		{52EBC106-FB71-4CD7-B942-6C3729BAC387}.Debug|x86.ActiveCfg = Debug|Win32
		{52EBC106-FB71-4CD7-B942-6C3729BAC387}.Debug|x86.Build.0 = Debug|Win32
		{52EBC106-FB71-4CD7-B942-6C3729BAC387}.Release|x64.ActiveCfg = Release|x64
		{52EBC106-FB71-4CD7-B942-6C3729BAC387}.Release|x64.Build.0 = Release|x64
		{52EBC106-FB71-4CD7-B942-6C3729BAC387}.Release|x86.ActiveCfg = Release|Win32
		{52EBC106-FB71-4CD7-B942-6C3729BAC387}.Release|x86.Build.0 = Release|Win32
		{B78DF594-0542-4D34-8B56-D601A28235FF}.Debug|x64.ActiveCfg = Debug|x64
		{B78DF594-0542-4D34-8B56-D601A28235FF}.Debug|x64.Build.0 = Debug|x64
		{B78DF594-0542-4D34-8B56-D601A28235FF}.Debug|x86.ActiveCfg = Debug|Win32
		{B78DF594-0542-4D34-8B56-D601A28235FF}.Debug|x86.Build.0 = Debug|Win32
		{B78DF594-0542-4D34-8B56-D601A28235FF}.Release|x64.ActiveCfg = Release|x64
		{B78DF594-0542-4D34-8B56-D601A28235FF}.Release|x64.Build.0 = Release|x64
		{B78DF594-0542-4D34-8B56-D601A28235FF}.Release|x86.ActiveCfg = Release|Win32
		{B78DF594-0542-4D34-8B56-D601A28235FF}.Release|x86.Build.0 = Release|Win32
		{FC2EF6D6-403F-462B-8845-40F4F5743B58}.Debug|x64.ActiveCfg = Debug|x64
		{FC2EF6D6-403F-462B-8845-40F4F5743B58}.Debug|x64.Build.0 = Debug|x64
		{FC2EF6D6-403F-462B-8845-40F4F5743B58}.Debug|x86.ActiveCfg = Debug|Win32
		{FC2EF6D6-403F-462B-8845-40F4F5743B58}.Debug|x86.Build.0 = Debug|Win32
		{FC2EF6D6-403F-462B-8845-40F4F5743B58}.Release|x64.ActiveCfg = Release|x64
		{FC2EF6D6-403F-462B-8845-40F4F5743B58}.Release|x64.Build.0 = Release|x64
		{FC2EF6D6-403F-462B-8845-40F4F5743B58}.Release|x86.ActiveCfg = Release|Win32
		{FC2EF6D6-403F-462B-8845-40F4F5743B58}.Release|x86.Build.0 = Release|Win32
	EndGlobalSection
	GlobalSection(SolutionProperties) = preSolution
		HideSolutionNode = FALSE
	EndGlobalSection
	GlobalSection(NestedProjects) = preSolution
		{0B49D3E7-F82E-486A-8212-5DA19CA5F3E8} = {D9C30467-E7E9-478D-B0EF-EA64F0C11241}
		{232573A6-2559-4F0D-8726-7100F1D3F240} = {E52691C5-7FBF-44D3-BE28-E682B6D06DD5}
		{2861B305-8103-477A-867C-0561EC31D932} = {CB7D0793-14E8-492E-8620-DBE966D6AA14}
		{AC78630D-21D3-4C89-880E-74F122249F92} = {2E81999C-C671-4CD9-810A-33835E565839}
		{30FEF6D5-1B7C-40A6-9034-0ACF23A4C5EA} = {AC78630D-21D3-4C89-880E-74F122249F92}
		{D9C30467-E7E9-478D-B0EF-EA64F0C11241} = {7CF4FC5F-24E3-4E24-AF7F-246D698BBE1E}
		{E52691C5-7FBF-44D3-BE28-E682B6D06DD5} = {7CF4FC5F-24E3-4E24-AF7F-246D698BBE1E}
		{2E81999C-C671-4CD9-810A-33835E565839} = {7CF4FC5F-24E3-4E24-AF7F-246D698BBE1E}
		{8388FEAA-CDFA-430C-945D-5272AB6D3980} = {2E81999C-C671-4CD9-810A-33835E565839}
		{EFD64A1D-6D9A-4716-BE18-84899483977F} = {2E81999C-C671-4CD9-810A-33835E565839}
		{7A1FE01C-F361-46AD-A385-A59EE5B334C3} = {2E81999C-C671-4CD9-810A-33835E565839}
		{C595171B-2D87-4C94-8028-51FEBB948C36} = {D9C30467-E7E9-478D-B0EF-EA64F0C11241}
		{7F8B3B2E-E850-4AFD-9798-A94574BE9E4A} = {C595171B-2D87-4C94-8028-51FEBB948C36}
		{A1F7489E-B003-4566-A81F-BFF6AF321BF1} = {2E81999C-C671-4CD9-810A-33835E565839}
		{7E7B88C4-4311-4F96-8383-13E07653686D} = {2E81999C-C671-4CD9-810A-33835E565839}
		{AF53DEDC-F49D-447A-8B2F-F5DBE93F6EB7} = {CB7D0793-14E8-492E-8620-DBE966D6AA14}
		{BC7BFE65-0F19-4EB9-914F-67B7BC21FBC4} = {CB7D0793-14E8-492E-8620-DBE966D6AA14}
		{CB7D0793-14E8-492E-8620-DBE966D6AA14} = {33618513-AA35-4A8C-BB0B-98DD4013748D}
		{C6BB96CB-83B8-4F1E-B49D-A57EC2DC439F} = {BC7BFE65-0F19-4EB9-914F-67B7BC21FBC4}
		{AA0DD703-5C11-4DE4-87FE-02BEF245FE66} = {33618513-AA35-4A8C-BB0B-98DD4013748D}
		{650026B3-1AF8-42FB-B520-0B94239CF962} = {B6B8F9F7-9FCC-4811-8A0A-D88A40250BE1}
		{791FCA28-ED93-4F02-B2EA-513F086F1C39} = {B6B8F9F7-9FCC-4811-8A0A-D88A40250BE1}
		{C240FE10-B986-4BE3-8142-2A73CA4C3DAB} = {BC7BFE65-0F19-4EB9-914F-67B7BC21FBC4}
		{CDFEFB5E-98A7-4934-9C5B-FD5C55E1B742} = {C240FE10-B986-4BE3-8142-2A73CA4C3DAB}
		{1B89EA0F-83BA-4635-9B46-131784A734FB} = {C240FE10-B986-4BE3-8142-2A73CA4C3DAB}
		{DD45DD00-02A4-4D13-8CC8-58BE8A459F48} = {C240FE10-B986-4BE3-8142-2A73CA4C3DAB}
		{37B5BB98-47CC-4566-9ACF-51E1E181B732} = {2CDC5360-C91C-4FCA-AE01-98DEFDC778B6}
		{2CDC5360-C91C-4FCA-AE01-98DEFDC778B6} = {7CF4FC5F-24E3-4E24-AF7F-246D698BBE1E}
		{4844D8BE-3DCA-455A-87CD-25AF8FFBC0E8} = {9E003CF6-761F-453E-BC47-ED144EB0EFB8}
		{F5541340-0F51-4C48-8AD1-3DC8F25D1A5D} = {C595171B-2D87-4C94-8028-51FEBB948C36}
		{BB5F1B61-0ECD-4B61-8E1C-2C68D7A1A0CC} = {D9C30467-E7E9-478D-B0EF-EA64F0C11241}
		{185EEEFC-3B88-4F69-8FAC-D55FB5F1AE28} = {E52691C5-7FBF-44D3-BE28-E682B6D06DD5}
		{7EC464FE-0D2B-47EA-9803-431C497EECDB} = {C595171B-2D87-4C94-8028-51FEBB948C36}
		{454772DB-C287-4FF8-BC97-B84B130C4FC7} = {CB939E14-E506-4775-A07D-14F332CA2B47}
		{4A312E0D-43F5-457F-90A7-374161DA41B1} = {CB939E14-E506-4775-A07D-14F332CA2B47}
		{D8B63876-5A0A-44CF-848B-2BE0562A8DE4} = {33618513-AA35-4A8C-BB0B-98DD4013748D}
		{6141392B-331C-4B63-96D7-E7C4A0DBAA43} = {D8B63876-5A0A-44CF-848B-2BE0562A8DE4}
		{E8ACAF7D-9087-4D95-989F-090E6E382347} = {D8B63876-5A0A-44CF-848B-2BE0562A8DE4}
		{D6B54BBF-89CE-4854-AAB2-A8E6CE3C47C1} = {B6B8F9F7-9FCC-4811-8A0A-D88A40250BE1}
		{F26FB5E5-F3D5-43D2-919C-4B3CA7B159F6} = {D8B63876-5A0A-44CF-848B-2BE0562A8DE4}
		{ECEC4071-1960-4912-B170-D5ECE0A87049} = {D8B63876-5A0A-44CF-848B-2BE0562A8DE4}
		{6DB14B17-8F54-4FB2-B592-DEF4FF150EE0} = {33618513-AA35-4A8C-BB0B-98DD4013748D}
		{5575BE12-6BAE-4EEA-A6D4-3659368FD241} = {6DB14B17-8F54-4FB2-B592-DEF4FF150EE0}
		{2498C702-8A46-4F55-A15F-9D2CC2622D66} = {33618513-AA35-4A8C-BB0B-98DD4013748D}
		{7A65EAE2-DFF3-4A7F-865A-187C4CF9C9AF} = {2498C702-8A46-4F55-A15F-9D2CC2622D66}
		{FCBC17FF-B2B6-47B0-87E2-D1CAB39B5508} = {E52691C5-7FBF-44D3-BE28-E682B6D06DD5}
		{6CC4A905-2047-40A8-B004-E6B5B7F4805C} = {6DB14B17-8F54-4FB2-B592-DEF4FF150EE0}
		{2E79732E-BCF1-4478-96E9-D124EFDC3B12} = {6DB14B17-8F54-4FB2-B592-DEF4FF150EE0}
		{0F697139-0B28-43F6-867A-DDFB942C06CA} = {B6B8F9F7-9FCC-4811-8A0A-D88A40250BE1}
		{143A5EF6-CE95-4DB6-906C-5DD325D19442} = {2CDC5360-C91C-4FCA-AE01-98DEFDC778B6}
		{CEFEA85C-5DE2-430E-B9FB-0818CEA575FA} = {E52691C5-7FBF-44D3-BE28-E682B6D06DD5}
		{52EBC106-FB71-4CD7-B942-6C3729BAC387} = {2498C702-8A46-4F55-A15F-9D2CC2622D66}
		{B78DF594-0542-4D34-8B56-D601A28235FF} = {2498C702-8A46-4F55-A15F-9D2CC2622D66}
		{FC2EF6D6-403F-462B-8845-40F4F5743B58} = {B6B8F9F7-9FCC-4811-8A0A-D88A40250BE1}
	EndGlobalSection
	GlobalSection(ExtensibilityGlobals) = postSolution
		SolutionGuid = {07C45180-3599-4E00-9578-FBB4B9BDDC3E}
	EndGlobalSection
EndGlobal
