<?xml version="1.0" encoding="utf-8"?>
<Project ToolsVersion="4.0" xmlns="http://schemas.microsoft.com/developer/msbuild/2003">
  <ItemGroup>
    <Filter Include="Archivos de origen">
      <UniqueIdentifier>{4FC737F1-C7A5-4376-A066-2A32D752A2FF}</UniqueIdentifier>
      <Extensions>cpp;c;cc;cxx;c++;cppm;ixx;def;odl;idl;hpj;bat;asm;asmx</Extensions>
    </Filter>
    <Filter Include="Archivos de encabezado">
      <UniqueIdentifier>{93995380-89BD-4b04-88EB-625FBE52EBFB}</UniqueIdentifier>
      <Extensions>h;hh;hpp;hxx;h++;hm;inl;inc;ipp;xsd</Extensions>
    </Filter>
    <Filter Include="Archivos de recursos">
      <UniqueIdentifier>{67DA6AB6-F800-4c08-8B7A-83BB121AAD01}</UniqueIdentifier>
      <Extensions>rc;ico;cur;bmp;dlg;rc2;rct;bin;rgs;gif;jpg;jpeg;jpe;resx;tiff;tif;png;wav;mfcribbon-ms</Extensions>
    </Filter>
    <Filter Include="Configuration">
      <UniqueIdentifier>{5c3b33a5-8b73-40b5-8b0c-54848e986c7d}</UniqueIdentifier>
    </Filter>
    <Filter Include="Configuration\bios">
      <UniqueIdentifier>{a9644eba-0404-4caf-ad89-2bc8ffb1b57d}</UniqueIdentifier>
    </Filter>
  </ItemGroup>
  <ItemGroup>
    <ClCompile Include="MSXEmulatorC.cpp">
      <Filter>Archivos de origen</Filter>
    </ClCompile>
    <ClCompile Include="stdafx.cpp">
      <Filter>Archivos de origen</Filter>
    </ClCompile>
  </ItemGroup>
  <ItemGroup>
    <ClInclude Include="resource.h">
      <Filter>Archivos de encabezado</Filter>
    </ClInclude>
    <ClInclude Include="stdafx.h">
      <Filter>Archivos de encabezado</Filter>
    </ClInclude>
    <ClInclude Include="targetver.h">
      <Filter>Archivos de encabezado</Filter>
    </ClInclude>
    <ClInclude Include="resource1.h">
      <Filter>Archivos de encabezado</Filter>
    </ClInclude>
  </ItemGroup>
  <ItemGroup>
    <ResourceCompile Include="MSXEmulatorC.rc">
      <Filter>Archivos de recursos</Filter>
    </ResourceCompile>
  </ItemGroup>
  <ItemGroup>
    <Image Include="MSKLogo.ico">
      <Filter>Archivos de recursos</Filter>
    </Image>
  </ItemGroup>
  <ItemGroup>
    <None Include="LocalConsole.hlp">
      <Filter>Configuration</Filter>
    </None>
    <None Include="MSX.hlp">
      <Filter>Configuration</Filter>
    </None>
    <None Include="Standard.hlp">
      <Filter>Configuration</Filter>
    </None>
    <None Include="TexasInstruments.hlp">
      <Filter>Configuration</Filter>
    </None>
    <None Include="Default.fmt">
      <Filter>Configuration</Filter>
    </None>
    <None Include="LocalConsole.fmt">
      <Filter>Configuration</Filter>
    </None>
    <None Include="MSX.fmt">
      <Filter>Configuration</Filter>
    </None>
    <None Include="Standard.fmt">
      <Filter>Configuration</Filter>
    </None>
    <None Include="TexasInstruments.fmt">
      <Filter>Configuration</Filter>
    </None>
    <None Include="console.def">
      <Filter>Configuration</Filter>
    </None>
    <None Include="bios\svi728_basic-bios_ENG.rom">
      <Filter>Configuration\bios</Filter>
    </None>
    <None Include="bios\svi728_basic-bios_ESP.rom">
      <Filter>Configuration\bios</Filter>
    </None>
    <None Include="bios\svi738_basic-bios_DEU.rom">
      <Filter>Configuration\bios</Filter>
    </None>
    <None Include="bios\svi738_basic-bios_ENG.rom">
      <Filter>Configuration\bios</Filter>
    </None>
    <None Include="bios\svi738_basic-bios_SEW.rom">
      <Filter>Configuration\bios</Filter>
    </None>
  </ItemGroup>
  <ItemGroup>
    <Text Include="MSXSysVars.txt">
      <Filter>Configuration</Filter>
    </Text>
  </ItemGroup>
</Project>