
Microsoft Visual Studio Solution File, Format Version 12.00
# Visual Studio Version 17
VisualStudioVersion = 17.5.33516.290
MinimumVisualStudioVersion = 10.0.40219.1
Project("{8BC9CEB8-8B4A-11D0-8D11-00A0C91BC942}") = "player", "player.vcxproj", "{736212F6-3F96-40B6-9A54-81BF76A43D9E}"
EndProject
Global
	GlobalSection(SolutionConfigurationPlatforms) = preSolution
		Debug|Win32 = Debug|Win32
		Release|Win32 = Release|Win32
	EndGlobalSection
	GlobalSection(ProjectConfigurationPlatforms) = postSolution
		{736212F6-3F96-40B6-9A54-81BF76A43D9E}.Debug|Win32.ActiveCfg = Debug|Win32
		{736212F6-3F96-40B6-9A54-81BF76A43D9E}.Debug|Win32.Build.0 = Debug|Win32
		{736212F6-3F96-40B6-9A54-81BF76A43D9E}.Release|Win32.ActiveCfg = Release|Win32
		{736212F6-3F96-40B6-9A54-81BF76A43D9E}.Release|Win32.Build.0 = Release|Win32
	EndGlobalSection
	GlobalSection(SolutionProperties) = preSolution
		HideSolutionNode = FALSE
	EndGlobalSection
	GlobalSection(ExtensibilityGlobals) = postSolution
		SolutionGuid = {A7F24166-5FBB-49BB-BB45-EE87E6CAD806}
	EndGlobalSection
EndGlobal
