<?xml version="1.0" encoding="utf-8"?>
<Project ToolsVersion="4.0" xmlns="http://schemas.microsoft.com/developer/msbuild/2003">
  <ItemGroup>
    <Filter Include="Archivos de origen">
      <UniqueIdentifier>{4FC737F1-C7A5-4376-A066-2A32D752A2FF}</UniqueIdentifier>
      <Extensions>cpp;c;cc;cxx;c++;cppm;ixx;def;odl;idl;hpj;bat;asm;asmx</Extensions>
    </Filter>
    <Filter Include="Archivos de encabezado">
      <UniqueIdentifier>{93995380-89BD-4b04-88EB-625FBE52EBFB}</UniqueIdentifier>
      <Extensions>h;hh;hpp;hxx;h++;hm;inl;inc;ipp;xsd</Extensions>
    </Filter>
    <Filter Include="Archivos de recursos">
      <UniqueIdentifier>{67DA6AB6-F800-4c08-8B7A-83BB121AAD01}</UniqueIdentifier>
      <Extensions>rc;ico;cur;bmp;dlg;rc2;rct;bin;rgs;gif;jpg;jpeg;jpe;resx;tiff;tif;png;wav;mfcribbon-ms</Extensions>
    </Filter>
    <Filter Include="Archivos de encabezado\Commands">
      <UniqueIdentifier>{a12ef5d4-bbad-49df-903c-8b99ebb16689}</UniqueIdentifier>
    </Filter>
    <Filter Include="Archivos de encabezado\Emulators">
      <UniqueIdentifier>{72eb087e-0f96-4c66-af2e-62404cc3685b}</UniqueIdentifier>
    </Filter>
    <Filter Include="Archivos de encabezado\IO">
      <UniqueIdentifier>{bcee9ebe-5ef9-4549-955c-00ed61752dc5}</UniqueIdentifier>
    </Filter>
    <Filter Include="Archivos de encabezado\Motherboard">
      <UniqueIdentifier>{f82d6b8d-a236-4640-bb55-1f54a3d6424c}</UniqueIdentifier>
    </Filter>
    <Filter Include="Archivos de origen\Commands">
      <UniqueIdentifier>{98eeceb0-c1d9-47f8-a558-ffc4c364a390}</UniqueIdentifier>
    </Filter>
    <Filter Include="Archivos de origen\Emulators">
      <UniqueIdentifier>{f84f70d3-0f62-4fc6-a10b-d0635f25cd0d}</UniqueIdentifier>
    </Filter>
    <Filter Include="Archivos de origen\IO">
      <UniqueIdentifier>{251e932c-f626-44b3-9bc4-ca4e87c94d1c}</UniqueIdentifier>
    </Filter>
    <Filter Include="Archivos de origen\Motherboard">
      <UniqueIdentifier>{9c893ee5-755b-4922-bc69-a41c8cdafd9c}</UniqueIdentifier>
    </Filter>
    <Filter Include="Configuration">
      <UniqueIdentifier>{1eaeac70-e938-4788-ba4d-ed6fd48a96e8}</UniqueIdentifier>
    </Filter>
  </ItemGroup>
  <ItemGroup>
    <ClInclude Include="..\..\include\COMMODORE\incs.hpp">
      <Filter>Archivos de encabezado</Filter>
    </ClInclude>
  </ItemGroup>
  <ItemGroup>
    <ClCompile Include="..\..\src\COMMODORE\Blank.cpp">
      <Filter>Archivos de origen</Filter>
    </ClCompile>
  </ItemGroup>
  <ItemGroup>
    <None Include="Commodore.fmt">
      <Filter>Configuration</Filter>
    </None>
    <None Include="Commodore.hlp">
      <Filter>Configuration</Filter>
    </None>
  </ItemGroup>
</Project>