<?xml version="1.0" encoding="utf-8"?>
<Project ToolsVersion="4.0" xmlns="http://schemas.microsoft.com/developer/msbuild/2003">
  <ItemGroup>
    <Filter Include="Archivos de origen">
      <UniqueIdentifier>{4FC737F1-C7A5-4376-A066-2A32D752A2FF}</UniqueIdentifier>
      <Extensions>cpp;c;cc;cxx;c++;cppm;ixx;def;odl;idl;hpj;bat;asm;asmx</Extensions>
    </Filter>
    <Filter Include="Archivos de encabezado">
      <UniqueIdentifier>{93995380-89BD-4b04-88EB-625FBE52EBFB}</UniqueIdentifier>
      <Extensions>h;hh;hpp;hxx;h++;hm;inl;inc;ipp;xsd</Extensions>
    </Filter>
    <Filter Include="Archivos de recursos">
      <UniqueIdentifier>{67DA6AB6-F800-4c08-8B7A-83BB121AAD01}</UniqueIdentifier>
      <Extensions>rc;ico;cur;bmp;dlg;rc2;rct;bin;rgs;gif;jpg;jpeg;jpe;resx;tiff;tif;png;wav;mfcribbon-ms</Extensions>
    </Filter>
    <Filter Include="Archivos de encabezado\Commands">
      <UniqueIdentifier>{a12ef5d4-bbad-49df-903c-8b99ebb16689}</UniqueIdentifier>
    </Filter>
    <Filter Include="Archivos de encabezado\Emulators">
      <UniqueIdentifier>{72eb087e-0f96-4c66-af2e-62404cc3685b}</UniqueIdentifier>
    </Filter>
    <Filter Include="Archivos de encabezado\IO">
      <UniqueIdentifier>{bcee9ebe-5ef9-4549-955c-00ed61752dc5}</UniqueIdentifier>
    </Filter>
    <Filter Include="Archivos de encabezado\Motherboard">
      <UniqueIdentifier>{f82d6b8d-a236-4640-bb55-1f54a3d6424c}</UniqueIdentifier>
    </Filter>
    <Filter Include="Archivos de origen\Commands">
      <UniqueIdentifier>{98eeceb0-c1d9-47f8-a558-ffc4c364a390}</UniqueIdentifier>
    </Filter>
    <Filter Include="Archivos de origen\Emulators">
      <UniqueIdentifier>{f84f70d3-0f62-4fc6-a10b-d0635f25cd0d}</UniqueIdentifier>
    </Filter>
    <Filter Include="Archivos de origen\IO">
      <UniqueIdentifier>{251e932c-f626-44b3-9bc4-ca4e87c94d1c}</UniqueIdentifier>
    </Filter>
    <Filter Include="Archivos de origen\Motherboard">
      <UniqueIdentifier>{9c893ee5-755b-4922-bc69-a41c8cdafd9c}</UniqueIdentifier>
    </Filter>
    <Filter Include="Configuration">
      <UniqueIdentifier>{1eaeac70-e938-4788-ba4d-ed6fd48a96e8}</UniqueIdentifier>
    </Filter>
    <Filter Include="Archivos de origen\Motherboard\Chips">
      <UniqueIdentifier>{255eaa9e-4e81-413b-8f41-0273641dba27}</UniqueIdentifier>
    </Filter>
    <Filter Include="Archivos de encabezado\Motherboard\Chips">
      <UniqueIdentifier>{db115a70-0313-4120-8877-d3760be107ca}</UniqueIdentifier>
    </Filter>
    <Filter Include="Archivos de encabezado\Motherboard\Chips\CIA">
      <UniqueIdentifier>{d2347109-55cf-45f7-814d-35fbc6b38a6a}</UniqueIdentifier>
    </Filter>
    <Filter Include="Archivos de encabezado\Motherboard\Chips\SID">
      <UniqueIdentifier>{49dcf2d8-2788-4501-a1ca-f7c5cd6b721c}</UniqueIdentifier>
    </Filter>
    <Filter Include="Archivos de encabezado\Motherboard\Chips\VIA">
      <UniqueIdentifier>{772047cc-03d5-4917-bd99-9e6a06368220}</UniqueIdentifier>
    </Filter>
    <Filter Include="Archivos de encabezado\Motherboard\Chips\VICI">
      <UniqueIdentifier>{340b959b-d007-4cd9-ac15-4591b6f988b4}</UniqueIdentifier>
    </Filter>
    <Filter Include="Archivos de encabezado\Motherboard\Chips\VICII">
      <UniqueIdentifier>{7b27cae5-8ca5-4ca7-ac27-8d9805484c9c}</UniqueIdentifier>
    </Filter>
    <Filter Include="Archivos de origen\Motherboard\Chips\CIA">
      <UniqueIdentifier>{2157900d-6656-4085-bb0f-9f4e40dbfd19}</UniqueIdentifier>
    </Filter>
    <Filter Include="Archivos de origen\Motherboard\Chips\SID">
      <UniqueIdentifier>{26463078-007e-472a-bbbf-88820ee36176}</UniqueIdentifier>
    </Filter>
    <Filter Include="Archivos de origen\Motherboard\Chips\VIA">
      <UniqueIdentifier>{7197ac40-5a3a-4fc8-bcee-a19d4be639db}</UniqueIdentifier>
    </Filter>
    <Filter Include="Archivos de origen\Motherboard\Chips\VICI">
      <UniqueIdentifier>{95156479-0f54-4b20-a9fc-3e0d4f0bf976}</UniqueIdentifier>
    </Filter>
    <Filter Include="Archivos de origen\Motherboard\Chips\VICII">
      <UniqueIdentifier>{2de77449-529c-4039-a6bf-96c1ec8de1dd}</UniqueIdentifier>
    </Filter>
    <Filter Include="Archivos de origen\Motherboard\Chips\TED">
      <UniqueIdentifier>{3b96a1c8-6db9-4a65-b928-f75aba78daf8}</UniqueIdentifier>
    </Filter>
    <Filter Include="Archivos de encabezado\Motherboard\Chips\TED">
      <UniqueIdentifier>{e66b874b-7565-4deb-b526-345b6e112d59}</UniqueIdentifier>
    </Filter>
    <Filter Include="Archivos de origen\Motherboard\Chips\ACIA">
      <UniqueIdentifier>{90ff2a96-d517-4ac5-90b5-a9d0db9c781a}</UniqueIdentifier>
    </Filter>
    <Filter Include="Archivos de encabezado\Motherboard\Chips\ACIA">
      <UniqueIdentifier>{7ae6c3b0-80a9-449e-b629-7db08bf0488b}</UniqueIdentifier>
    </Filter>
    <Filter Include="Archivos de origen\Motherboard\Chips\TIA">
      <UniqueIdentifier>{ee0f3cfd-3c90-4d58-95ce-9747fafa9623}</UniqueIdentifier>
    </Filter>
    <Filter Include="Archivos de encabezado\Motherboard\Chips\TIA">
      <UniqueIdentifier>{cbf250b5-88ed-4de0-9093-2110b9dce22f}</UniqueIdentifier>
    </Filter>
  </ItemGroup>
  <ItemGroup>
    <ClInclude Include="..\..\include\COMMODORE\incs.hpp">
      <Filter>Archivos de encabezado</Filter>
    </ClInclude>
    <ClInclude Include="..\..\include\COMMODORE\Computer.hpp">
      <Filter>Archivos de encabezado\Motherboard</Filter>
    </ClInclude>
    <ClInclude Include="..\..\include\COMMODORE\CommandBuilder.hpp">
      <Filter>Archivos de encabezado\Commands</Filter>
    </ClInclude>
    <ClInclude Include="..\..\include\COMMODORE\Commands.hpp">
      <Filter>Archivos de encabezado\Commands</Filter>
    </ClInclude>
    <ClInclude Include="..\..\include\COMMODORE\DatasettePeripherals.hpp">
      <Filter>Archivos de encabezado\IO</Filter>
    </ClInclude>
    <ClInclude Include="..\..\include\COMMODORE\DatasettePort.hpp">
      <Filter>Archivos de encabezado\IO</Filter>
    </ClInclude>
    <ClInclude Include="..\..\include\COMMODORE\IOPBuilder.hpp">
      <Filter>Archivos de encabezado\IO</Filter>
    </ClInclude>
    <ClInclude Include="..\..\include\COMMODORE\UserPort.hpp">
      <Filter>Archivos de encabezado\IO</Filter>
    </ClInclude>
    <ClInclude Include="..\..\include\COMMODORE\1530Datasette.hpp">
      <Filter>Archivos de encabezado\IO</Filter>
    </ClInclude>
    <ClInclude Include="..\..\include\COMMODORE\UserIOPeripherals.hpp">
      <Filter>Archivos de encabezado\IO</Filter>
    </ClInclude>
    <ClInclude Include="..\..\include\COMMODORE\ExpansionPeripherals.hpp">
      <Filter>Archivos de encabezado\IO</Filter>
    </ClInclude>
    <ClInclude Include="..\..\include\COMMODORE\ExpansionPort.hpp">
      <Filter>Archivos de encabezado\IO</Filter>
    </ClInclude>
    <ClInclude Include="..\..\include\COMMODORE\FileIO.hpp">
      <Filter>Archivos de encabezado\Emulators</Filter>
    </ClInclude>
    <ClInclude Include="..\..\include\COMMODORE\SerialPort.hpp">
      <Filter>Archivos de encabezado\IO</Filter>
    </ClInclude>
    <ClInclude Include="..\..\include\COMMODORE\SerialIOPeripherals.hpp">
      <Filter>Archivos de encabezado\IO</Filter>
    </ClInclude>
    <ClInclude Include="..\..\include\COMMODORE\CIA\CIA.hpp">
      <Filter>Archivos de encabezado\Motherboard\Chips\CIA</Filter>
    </ClInclude>
    <ClInclude Include="..\..\include\COMMODORE\CIA\CIAClock.hpp">
      <Filter>Archivos de encabezado\Motherboard\Chips\CIA</Filter>
    </ClInclude>
    <ClInclude Include="..\..\include\COMMODORE\CIA\CIARegisters.hpp">
      <Filter>Archivos de encabezado\Motherboard\Chips\CIA</Filter>
    </ClInclude>
    <ClInclude Include="..\..\include\COMMODORE\CIA\CIASerialPort.hpp">
      <Filter>Archivos de encabezado\Motherboard\Chips\CIA</Filter>
    </ClInclude>
    <ClInclude Include="..\..\include\COMMODORE\CIA\CIATimer.hpp">
      <Filter>Archivos de encabezado\Motherboard\Chips\CIA</Filter>
    </ClInclude>
    <ClInclude Include="..\..\include\COMMODORE\SID\SID.hpp">
      <Filter>Archivos de encabezado\Motherboard\Chips\SID</Filter>
    </ClInclude>
    <ClInclude Include="..\..\include\COMMODORE\SID\SIDLibWrapper.hpp">
      <Filter>Archivos de encabezado\Motherboard\Chips\SID</Filter>
    </ClInclude>
    <ClInclude Include="..\..\include\COMMODORE\SID\SIDRegisters.hpp">
      <Filter>Archivos de encabezado\Motherboard\Chips\SID</Filter>
    </ClInclude>
    <ClInclude Include="..\..\include\COMMODORE\VIA\VIA.hpp">
      <Filter>Archivos de encabezado\Motherboard\Chips\VIA</Filter>
    </ClInclude>
    <ClInclude Include="..\..\include\COMMODORE\VIA\VIAControlLines.hpp">
      <Filter>Archivos de encabezado\Motherboard\Chips\VIA</Filter>
    </ClInclude>
    <ClInclude Include="..\..\include\COMMODORE\VIA\VIARegisters.hpp">
      <Filter>Archivos de encabezado\Motherboard\Chips\VIA</Filter>
    </ClInclude>
    <ClInclude Include="..\..\include\COMMODORE\VIA\VIAShiftRegister.hpp">
      <Filter>Archivos de encabezado\Motherboard\Chips\VIA</Filter>
    </ClInclude>
    <ClInclude Include="..\..\include\COMMODORE\VIA\VIATimer.hpp">
      <Filter>Archivos de encabezado\Motherboard\Chips\VIA</Filter>
    </ClInclude>
    <ClInclude Include="..\..\include\COMMODORE\VICI\VICI.hpp">
      <Filter>Archivos de encabezado\Motherboard\Chips\VICI</Filter>
    </ClInclude>
    <ClInclude Include="..\..\include\COMMODORE\VICI\VICIRegisters.hpp">
      <Filter>Archivos de encabezado\Motherboard\Chips\VICI</Filter>
    </ClInclude>
    <ClInclude Include="..\..\include\COMMODORE\VICI\VICISoundWrapper.hpp">
      <Filter>Archivos de encabezado\Motherboard\Chips\VICI</Filter>
    </ClInclude>
    <ClInclude Include="..\..\include\COMMODORE\VICII\VICII.hpp">
      <Filter>Archivos de encabezado\Motherboard\Chips\VICII</Filter>
    </ClInclude>
    <ClInclude Include="..\..\include\COMMODORE\VICII\VICIIRegisters.hpp">
      <Filter>Archivos de encabezado\Motherboard\Chips\VICII</Filter>
    </ClInclude>
    <ClInclude Include="..\..\include\COMMODORE\CIA\incs.hpp">
      <Filter>Archivos de encabezado\Motherboard\Chips\CIA</Filter>
    </ClInclude>
    <ClInclude Include="..\..\include\COMMODORE\SID\incs.hpp">
      <Filter>Archivos de encabezado\Motherboard\Chips\SID</Filter>
    </ClInclude>
    <ClInclude Include="..\..\include\COMMODORE\VIA\incs.hpp">
      <Filter>Archivos de encabezado\Motherboard\Chips\VIA</Filter>
    </ClInclude>
    <ClInclude Include="..\..\include\COMMODORE\VICI\incs.hpp">
      <Filter>Archivos de encabezado\Motherboard\Chips\VICI</Filter>
    </ClInclude>
    <ClInclude Include="..\..\include\COMMODORE\VICII\incs.hpp">
      <Filter>Archivos de encabezado\Motherboard\Chips\VICII</Filter>
    </ClInclude>
    <ClInclude Include="..\..\include\COMMODORE\VIA\VIAPort.hpp">
      <Filter>Archivos de encabezado\Motherboard\Chips\VIA</Filter>
    </ClInclude>
    <ClInclude Include="..\..\include\COMMODORE\TED\incs.hpp">
      <Filter>Archivos de encabezado\Motherboard\Chips\TED</Filter>
    </ClInclude>
    <ClInclude Include="..\..\include\COMMODORE\TED\TED.hpp">
      <Filter>Archivos de encabezado\Motherboard\Chips\TED</Filter>
    </ClInclude>
    <ClInclude Include="..\..\include\COMMODORE\TED\TEDRegisters.hpp">
      <Filter>Archivos de encabezado\Motherboard\Chips\TED</Filter>
    </ClInclude>
    <ClInclude Include="..\..\include\COMMODORE\TED\TEDTimer.hpp">
      <Filter>Archivos de encabezado\Motherboard\Chips\TED</Filter>
    </ClInclude>
    <ClInclude Include="..\..\include\COMMODORE\TED\C6529B.hpp">
      <Filter>Archivos de encabezado\Motherboard\Chips\TED</Filter>
    </ClInclude>
    <ClInclude Include="..\..\include\COMMODORE\TED\C6529BRegisters.hpp">
      <Filter>Archivos de encabezado\Motherboard\Chips\TED</Filter>
    </ClInclude>
    <ClInclude Include="..\..\include\COMMODORE\TED\TEDOSIO.hpp">
      <Filter>Archivos de encabezado\Motherboard\Chips\TED</Filter>
    </ClInclude>
    <ClInclude Include="..\..\include\COMMODORE\ACIA\ACIA.hpp">
      <Filter>Archivos de encabezado\Motherboard\Chips\ACIA</Filter>
    </ClInclude>
    <ClInclude Include="..\..\include\COMMODORE\ACIA\ACIARegisters.hpp">
      <Filter>Archivos de encabezado\Motherboard\Chips\ACIA</Filter>
    </ClInclude>
    <ClInclude Include="..\..\include\COMMODORE\ACIA\incs.hpp">
      <Filter>Archivos de encabezado\Motherboard\Chips\ACIA</Filter>
    </ClInclude>
    <ClInclude Include="..\..\include\COMMODORE\TIA\incs.hpp">
      <Filter>Archivos de encabezado\Motherboard\Chips\TIA</Filter>
    </ClInclude>
    <ClInclude Include="..\..\include\COMMODORE\TIA\TIA.hpp">
      <Filter>Archivos de encabezado\Motherboard\Chips\TIA</Filter>
    </ClInclude>
    <ClInclude Include="..\..\include\COMMODORE\TIA\TIARegisters.hpp">
      <Filter>Archivos de encabezado\Motherboard\Chips\TIA</Filter>
    </ClInclude>
  </ItemGroup>
  <ItemGroup>
    <None Include="Commodore.fmt">
      <Filter>Configuration</Filter>
    </None>
    <None Include="Commodore.hlp">
      <Filter>Configuration</Filter>
    </None>
  </ItemGroup>
  <ItemGroup>
    <ClCompile Include="..\..\src\COMMODORE\CommandBuilder.cpp">
      <Filter>Archivos de origen\Commands</Filter>
    </ClCompile>
    <ClCompile Include="..\..\src\COMMODORE\Commands.cpp">
      <Filter>Archivos de origen\Commands</Filter>
    </ClCompile>
    <ClCompile Include="..\..\src\COMMODORE\DatasettePort.cpp">
      <Filter>Archivos de origen\IO</Filter>
    </ClCompile>
    <ClCompile Include="..\..\src\COMMODORE\IOPBuilder.cpp">
      <Filter>Archivos de origen\IO</Filter>
    </ClCompile>
    <ClCompile Include="..\..\src\COMMODORE\UserPort.cpp">
      <Filter>Archivos de origen\IO</Filter>
    </ClCompile>
    <ClCompile Include="..\..\src\COMMODORE\1530Datasette.cpp">
      <Filter>Archivos de origen\IO</Filter>
    </ClCompile>
    <ClCompile Include="..\..\src\COMMODORE\ExpansionPort.cpp">
      <Filter>Archivos de origen\IO</Filter>
    </ClCompile>
    <ClCompile Include="..\..\src\COMMODORE\FileIO.cpp">
      <Filter>Archivos de origen\Emulators</Filter>
    </ClCompile>
    <ClCompile Include="..\..\src\COMMODORE\DatasettePeripherals.cpp">
      <Filter>Archivos de origen\IO</Filter>
    </ClCompile>
    <ClCompile Include="..\..\src\COMMODORE\ExpansionPeripherals.cpp">
      <Filter>Archivos de origen\IO</Filter>
    </ClCompile>
    <ClCompile Include="..\..\src\COMMODORE\SerialPort.cpp">
      <Filter>Archivos de origen\IO</Filter>
    </ClCompile>
    <ClCompile Include="..\..\src\COMMODORE\CIA\CIA.cpp">
      <Filter>Archivos de origen\Motherboard\Chips\CIA</Filter>
    </ClCompile>
    <ClCompile Include="..\..\src\COMMODORE\CIA\CIAClock.cpp">
      <Filter>Archivos de origen\Motherboard\Chips\CIA</Filter>
    </ClCompile>
    <ClCompile Include="..\..\src\COMMODORE\CIA\CIARegisters.cpp">
      <Filter>Archivos de origen\Motherboard\Chips\CIA</Filter>
    </ClCompile>
    <ClCompile Include="..\..\src\COMMODORE\CIA\CIASerialPort.cpp">
      <Filter>Archivos de origen\Motherboard\Chips\CIA</Filter>
    </ClCompile>
    <ClCompile Include="..\..\src\COMMODORE\CIA\CIATimer.cpp">
      <Filter>Archivos de origen\Motherboard\Chips\CIA</Filter>
    </ClCompile>
    <ClCompile Include="..\..\src\COMMODORE\SID\SID.cpp">
      <Filter>Archivos de origen\Motherboard\Chips\SID</Filter>
    </ClCompile>
    <ClCompile Include="..\..\src\COMMODORE\SID\SIDLibWrapper.cpp">
      <Filter>Archivos de origen\Motherboard\Chips\SID</Filter>
    </ClCompile>
    <ClCompile Include="..\..\src\COMMODORE\SID\SIDRegisters.cpp">
      <Filter>Archivos de origen\Motherboard\Chips\SID</Filter>
    </ClCompile>
    <ClCompile Include="..\..\src\COMMODORE\VIA\VIA.cpp">
      <Filter>Archivos de origen\Motherboard\Chips\VIA</Filter>
    </ClCompile>
    <ClCompile Include="..\..\src\COMMODORE\VIA\VIAControlLines.cpp">
      <Filter>Archivos de origen\Motherboard\Chips\VIA</Filter>
    </ClCompile>
    <ClCompile Include="..\..\src\COMMODORE\VIA\VIARegisters.cpp">
      <Filter>Archivos de origen\Motherboard\Chips\VIA</Filter>
    </ClCompile>
    <ClCompile Include="..\..\src\COMMODORE\VIA\VIAShiftRegister.cpp">
      <Filter>Archivos de origen\Motherboard\Chips\VIA</Filter>
    </ClCompile>
    <ClCompile Include="..\..\src\COMMODORE\VIA\VIATimer.cpp">
      <Filter>Archivos de origen\Motherboard\Chips\VIA</Filter>
    </ClCompile>
    <ClCompile Include="..\..\src\COMMODORE\VICI\VICI.cpp">
      <Filter>Archivos de origen\Motherboard\Chips\VICI</Filter>
    </ClCompile>
    <ClCompile Include="..\..\src\COMMODORE\VICI\VICIRegisters.cpp">
      <Filter>Archivos de origen\Motherboard\Chips\VICI</Filter>
    </ClCompile>
    <ClCompile Include="..\..\src\COMMODORE\VICI\VICISoundWrapper.cpp">
      <Filter>Archivos de origen\Motherboard\Chips\VICI</Filter>
    </ClCompile>
    <ClCompile Include="..\..\src\COMMODORE\VICII\VICII.cpp">
      <Filter>Archivos de origen\Motherboard\Chips\VICII</Filter>
    </ClCompile>
    <ClCompile Include="..\..\src\COMMODORE\VICII\VICIIRegisters.cpp">
      <Filter>Archivos de origen\Motherboard\Chips\VICII</Filter>
    </ClCompile>
    <ClCompile Include="..\..\src\COMMODORE\VIA\VIaPort.cpp">
      <Filter>Archivos de origen\Motherboard\Chips\VIA</Filter>
    </ClCompile>
    <ClCompile Include="..\..\src\COMMODORE\TED\TED.cpp">
      <Filter>Archivos de origen\Motherboard\Chips\TED</Filter>
    </ClCompile>
    <ClCompile Include="..\..\src\COMMODORE\TED\TEDRegisters.cpp">
      <Filter>Archivos de origen\Motherboard\Chips\TED</Filter>
    </ClCompile>
    <ClCompile Include="..\..\src\COMMODORE\TED\TEDSoundWrapper.cpp">
      <Filter>Archivos de origen\Motherboard\Chips\TED</Filter>
    </ClCompile>
    <ClCompile Include="..\..\src\COMMODORE\TED\TEDTimer.cpp">
      <Filter>Archivos de origen\Motherboard\Chips\TED</Filter>
    </ClCompile>
    <ClCompile Include="..\..\src\COMMODORE\TED\C6529BRegisters.cpp">
      <Filter>Archivos de origen\Motherboard\Chips\TED</Filter>
    </ClCompile>
    <ClCompile Include="..\..\src\COMMODORE\TED\C6529B.cpp">
      <Filter>Archivos de origen\Motherboard\Chips\TED</Filter>
    </ClCompile>
    <ClCompile Include="..\..\src\COMMODORE\TED\TEDOSIO.cpp">
      <Filter>Archivos de origen\Motherboard\Chips\TED</Filter>
    </ClCompile>
    <ClCompile Include="..\..\src\COMMODORE\ACIA\ACIA.cpp">
      <Filter>Archivos de origen\Motherboard\Chips\ACIA</Filter>
    </ClCompile>
    <ClCompile Include="..\..\src\COMMODORE\ACIA\ACIARegisters.cpp">
      <Filter>Archivos de origen\Motherboard\Chips\ACIA</Filter>
    </ClCompile>
    <ClCompile Include="..\..\src\COMMODORE\TIA\TIA.cpp">
      <Filter>Archivos de origen\Motherboard\Chips\TIA</Filter>
    </ClCompile>
    <ClCompile Include="..\..\src\COMMODORE\TIA\TIARegisters.cpp">
      <Filter>Archivos de origen\Motherboard\Chips\TIA</Filter>
    </ClCompile>
  </ItemGroup>
</Project>