<?xml version="1.0" encoding="utf-8"?>
<Project ToolsVersion="4.0" xmlns="http://schemas.microsoft.com/developer/msbuild/2003">
  <ItemGroup>
    <Filter Include="Archivos de origen">
      <UniqueIdentifier>{4FC737F1-C7A5-4376-A066-2A32D752A2FF}</UniqueIdentifier>
      <Extensions>cpp;c;cc;cxx;c++;cppm;ixx;def;odl;idl;hpj;bat;asm;asmx</Extensions>
    </Filter>
    <Filter Include="Archivos de encabezado">
      <UniqueIdentifier>{93995380-89BD-4b04-88EB-625FBE52EBFB}</UniqueIdentifier>
      <Extensions>h;hh;hpp;hxx;h++;hm;inl;inc;ipp;xsd</Extensions>
    </Filter>
    <Filter Include="Archivos de recursos">
      <UniqueIdentifier>{67DA6AB6-F800-4c08-8B7A-83BB121AAD01}</UniqueIdentifier>
      <Extensions>rc;ico;cur;bmp;dlg;rc2;rct;bin;rgs;gif;jpg;jpeg;jpe;resx;tiff;tif;png;wav;mfcribbon-ms</Extensions>
    </Filter>
    <Filter Include="Archivos de origen\Instructions">
      <UniqueIdentifier>{df9cfec0-28ab-4cbc-9cb4-0a356a7943d7}</UniqueIdentifier>
    </Filter>
  </ItemGroup>
  <ItemGroup>
    <ClCompile Include="..\..\src\FZ80\CZ80.cpp">
      <Filter>Archivos de origen</Filter>
    </ClCompile>
    <ClCompile Include="..\..\src\FZ80\Instructions.cpp">
      <Filter>Archivos de origen</Filter>
    </ClCompile>
    <ClCompile Include="..\..\src\FZ80\LD.cpp">
      <Filter>Archivos de origen\Instructions</Filter>
    </ClCompile>
    <ClCompile Include="..\..\src\FZ80\STACK.cpp">
      <Filter>Archivos de origen\Instructions</Filter>
    </ClCompile>
    <ClCompile Include="..\..\src\FZ80\EX.cpp">
      <Filter>Archivos de origen\Instructions</Filter>
    </ClCompile>
    <ClCompile Include="..\..\src\FZ80\AND.cpp">
      <Filter>Archivos de origen\Instructions</Filter>
    </ClCompile>
    <ClCompile Include="..\..\src\FZ80\OR.cpp">
      <Filter>Archivos de origen\Instructions</Filter>
    </ClCompile>
    <ClCompile Include="..\..\src\FZ80\XOR.cpp">
      <Filter>Archivos de origen\Instructions</Filter>
    </ClCompile>
    <ClCompile Include="..\..\src\FZ80\ADD.cpp">
      <Filter>Archivos de origen\Instructions</Filter>
    </ClCompile>
    <ClCompile Include="..\..\src\FZ80\Interrupt.cpp">
      <Filter>Archivos de origen</Filter>
    </ClCompile>
    <ClCompile Include="..\..\src\FZ80\INTInterrupt.cpp">
      <Filter>Archivos de origen</Filter>
    </ClCompile>
    <ClCompile Include="..\..\src\FZ80\NMIInterrupt.cpp">
      <Filter>Archivos de origen</Filter>
    </ClCompile>
    <ClCompile Include="..\..\src\FZ80\INC.cpp">
      <Filter>Archivos de origen\Instructions</Filter>
    </ClCompile>
    <ClCompile Include="..\..\src\FZ80\DEC.cpp">
      <Filter>Archivos de origen\Instructions</Filter>
    </ClCompile>
    <ClCompile Include="..\..\src\FZ80\SUB.cpp">
      <Filter>Archivos de origen\Instructions</Filter>
    </ClCompile>
    <ClCompile Include="..\..\src\FZ80\CP.cpp">
      <Filter>Archivos de origen\Instructions</Filter>
    </ClCompile>
    <ClCompile Include="..\..\src\FZ80\ALUCTRL_Generic.cpp">
      <Filter>Archivos de origen\Instructions</Filter>
    </ClCompile>
    <ClCompile Include="..\..\src\FZ80\BITSHIFTLEFT.cpp">
      <Filter>Archivos de origen\Instructions</Filter>
    </ClCompile>
    <ClCompile Include="..\..\src\FZ80\BITSHIFTRIGHT.cpp">
      <Filter>Archivos de origen\Instructions</Filter>
    </ClCompile>
  </ItemGroup>
  <ItemGroup>
    <ClInclude Include="..\..\include\FZ80\CZ80.hpp">
      <Filter>Archivos de encabezado</Filter>
    </ClInclude>
    <ClInclude Include="..\..\include\FZ80\incs.hpp">
      <Filter>Archivos de encabezado</Filter>
    </ClInclude>
    <ClInclude Include="..\..\include\FZ80\Instructions.hpp">
      <Filter>Archivos de encabezado</Filter>
    </ClInclude>
    <ClInclude Include="..\..\include\FZ80\Interrupt.hpp">
      <Filter>Archivos de encabezado</Filter>
    </ClInclude>
    <ClInclude Include="..\..\include\FZ80\INTInterrupt.hpp">
      <Filter>Archivos de encabezado</Filter>
    </ClInclude>
    <ClInclude Include="..\..\include\FZ80\NMIInterrupt.hpp">
      <Filter>Archivos de encabezado</Filter>
    </ClInclude>
  </ItemGroup>
</Project>