<?xml version="1.0" encoding="utf-8"?>
<Project ToolsVersion="4.0" xmlns="http://schemas.microsoft.com/developer/msbuild/2003">
  <ItemGroup>
    <Filter Include="Archivos de origen">
      <UniqueIdentifier>{4FC737F1-C7A5-4376-A066-2A32D752A2FF}</UniqueIdentifier>
      <Extensions>cpp;c;cc;cxx;c++;cppm;ixx;def;odl;idl;hpj;bat;asm;asmx</Extensions>
    </Filter>
    <Filter Include="Archivos de encabezado">
      <UniqueIdentifier>{93995380-89BD-4b04-88EB-625FBE52EBFB}</UniqueIdentifier>
      <Extensions>h;hh;hpp;hxx;h++;hm;inl;inc;ipp;xsd</Extensions>
    </Filter>
    <Filter Include="Archivos de recursos">
      <UniqueIdentifier>{67DA6AB6-F800-4c08-8B7A-83BB121AAD01}</UniqueIdentifier>
      <Extensions>rc;ico;cur;bmp;dlg;rc2;rct;bin;rgs;gif;jpg;jpeg;jpe;resx;tiff;tif;png;wav;mfcribbon-ms</Extensions>
    </Filter>
    <Filter Include="Archivos de encabezado\Commands">
      <UniqueIdentifier>{0d9bc56c-4010-4add-87a9-00c7025da260}</UniqueIdentifier>
    </Filter>
    <Filter Include="Archivos de encabezado\Emulators">
      <UniqueIdentifier>{bb2fd380-73cb-4b52-b190-3e2d549b468e}</UniqueIdentifier>
    </Filter>
    <Filter Include="Archivos de encabezado\IO">
      <UniqueIdentifier>{e2031964-8e4c-4e79-9147-a1412fe4e69f}</UniqueIdentifier>
    </Filter>
    <Filter Include="Archivos de encabezado\Motherboard">
      <UniqueIdentifier>{a1be7737-92f6-4971-b0e0-99388387926e}</UniqueIdentifier>
    </Filter>
    <Filter Include="Archivos de origen\Commands">
      <UniqueIdentifier>{acf98e7b-446d-4b13-a311-72bdb4ada4c4}</UniqueIdentifier>
    </Filter>
    <Filter Include="Archivos de origen\Emulators">
      <UniqueIdentifier>{05aaea9c-2621-404c-894e-eeb6877c5564}</UniqueIdentifier>
    </Filter>
    <Filter Include="Archivos de origen\IO">
      <UniqueIdentifier>{2f22db6f-f8db-4321-b3d7-517304fbe9c9}</UniqueIdentifier>
    </Filter>
    <Filter Include="Archivos de origen\Motherboard">
      <UniqueIdentifier>{c7c3b3d0-1d0c-414e-a90d-53ae3ed44b09}</UniqueIdentifier>
    </Filter>
    <Filter Include="Archivos de origen\Motherboard\Chips">
      <UniqueIdentifier>{31b36511-803a-41f8-b243-4a9af7e61c3e}</UniqueIdentifier>
    </Filter>
    <Filter Include="Configuration">
      <UniqueIdentifier>{f0484d5e-30c1-49f2-9df4-cc0e44ba9e8d}</UniqueIdentifier>
    </Filter>
  </ItemGroup>
  <ItemGroup>
    <ClInclude Include="..\..\include\SINCLAIR\incs.hpp">
      <Filter>Archivos de encabezado</Filter>
    </ClInclude>
    <ClInclude Include="..\..\include\SINCLAIR\CommandBuilder.hpp">
      <Filter>Archivos de encabezado\Commands</Filter>
    </ClInclude>
    <ClInclude Include="..\..\include\SINCLAIR\Commands.hpp">
      <Filter>Archivos de encabezado\Commands</Filter>
    </ClInclude>
    <ClInclude Include="..\..\include\SINCLAIR\IOPBuilder.hpp">
      <Filter>Archivos de encabezado\IO</Filter>
    </ClInclude>
    <ClInclude Include="..\..\include\SINCLAIR\Computer.hpp">
      <Filter>Archivos de encabezado\Motherboard</Filter>
    </ClInclude>
    <ClInclude Include="..\..\include\SINCLAIR\FileIO.hpp">
      <Filter>Archivos de encabezado\IO</Filter>
    </ClInclude>
  </ItemGroup>
  <ItemGroup>
    <ClCompile Include="..\..\src\SINCLAIR\CommandBuilder.cpp">
      <Filter>Archivos de origen\Commands</Filter>
    </ClCompile>
    <ClCompile Include="..\..\src\SINCLAIR\Commands.cpp">
      <Filter>Archivos de origen\Commands</Filter>
    </ClCompile>
    <ClCompile Include="..\..\src\SINCLAIR\IOPBuilder.cpp">
      <Filter>Archivos de origen\IO</Filter>
    </ClCompile>
    <ClCompile Include="..\..\src\SINCLAIR\Computer.cpp">
      <Filter>Archivos de origen\Motherboard</Filter>
    </ClCompile>
    <ClCompile Include="..\..\src\SINCLAIR\FileIO.cpp">
      <Filter>Archivos de origen\IO</Filter>
    </ClCompile>
  </ItemGroup>
  <ItemGroup>
    <None Include="ClassDiagram.cd" />
    <None Include="SINCLAIR.fmt">
      <Filter>Configuration</Filter>
    </None>
    <None Include="SINCLAIR.hlp">
      <Filter>Configuration</Filter>
    </None>
  </ItemGroup>
</Project>