<?xml version="1.0" encoding="utf-8"?>
<Project ToolsVersion="4.0" xmlns="http://schemas.microsoft.com/developer/msbuild/2003">
  <ItemGroup>
    <Filter Include="Archivos de origen">
      <UniqueIdentifier>{4FC737F1-C7A5-4376-A066-2A32D752A2FF}</UniqueIdentifier>
      <Extensions>cpp;c;cc;cxx;def;odl;idl;hpj;bat;asm;asmx</Extensions>
    </Filter>
    <Filter Include="Archivos de encabezado">
      <UniqueIdentifier>{93995380-89BD-4b04-88EB-625FBE52EBFB}</UniqueIdentifier>
      <Extensions>h;hh;hpp;hxx;hm;inl;inc;ipp;xsd</Extensions>
    </Filter>
    <Filter Include="Archivos de recursos">
      <UniqueIdentifier>{67DA6AB6-F800-4c08-8B7A-83BB121AAD01}</UniqueIdentifier>
      <Extensions>rc;ico;cur;bmp;dlg;rc2;rct;bin;rgs;gif;jpg;jpeg;jpe;resx;tiff;tif;png;wav;mfcribbon-ms</Extensions>
    </Filter>
    <Filter Include="Archivos de origen\Foundation">
      <UniqueIdentifier>{67d594d7-465e-4274-9171-0f04089a8518}</UniqueIdentifier>
    </Filter>
    <Filter Include="Archivos de origen\Motherboard">
      <UniqueIdentifier>{3059e3b5-e0da-495b-9a4b-09742cb665bd}</UniqueIdentifier>
    </Filter>
    <Filter Include="Archivos de origen\IO">
      <UniqueIdentifier>{6f66dbee-8fb6-4323-a535-bed4e701d643}</UniqueIdentifier>
    </Filter>
    <Filter Include="Archivos de encabezado\Foundation">
      <UniqueIdentifier>{20d6d3c1-53ca-47f1-9bec-f2a111ac4666}</UniqueIdentifier>
    </Filter>
    <Filter Include="Archivos de encabezado\Motherboard">
      <UniqueIdentifier>{2c8fbf73-02b7-4772-b56c-ec9c99e94168}</UniqueIdentifier>
    </Filter>
    <Filter Include="Archivos de encabezado\IO">
      <UniqueIdentifier>{1d7a0fd3-27c4-4ce4-ba77-fd7b81c27790}</UniqueIdentifier>
    </Filter>
    <Filter Include="Archivos de encabezado\Commands">
      <UniqueIdentifier>{050ac0b4-06d8-4c9d-bd24-24619e893929}</UniqueIdentifier>
    </Filter>
    <Filter Include="Archivos de origen\Commands">
      <UniqueIdentifier>{890c1e42-ee83-4cd2-b196-e6a63dec7cdd}</UniqueIdentifier>
    </Filter>
    <Filter Include="Configuration">
      <UniqueIdentifier>{0e8dfe59-a3d6-4c33-8d29-688652c46a0a}</UniqueIdentifier>
    </Filter>
  </ItemGroup>
  <ItemGroup>
    <ClCompile Include="..\..\src\CORE\UByte.cpp">
      <Filter>Archivos de origen\Foundation</Filter>
    </ClCompile>
    <ClCompile Include="..\..\src\CORE\UBytes.cpp">
      <Filter>Archivos de origen\Foundation</Filter>
    </ClCompile>
    <ClCompile Include="..\..\src\CORE\UInt.cpp">
      <Filter>Archivos de origen\Foundation</Filter>
    </ClCompile>
    <ClCompile Include="..\..\src\CORE\IO.cpp">
      <Filter>Archivos de origen\IO</Filter>
    </ClCompile>
    <ClCompile Include="..\..\src\CORE\OSIO.cpp">
      <Filter>Archivos de origen\IO</Filter>
    </ClCompile>
    <ClCompile Include="..\..\src\CORE\Screen.cpp">
      <Filter>Archivos de origen\IO</Filter>
    </ClCompile>
    <ClCompile Include="..\..\src\CORE\Chip.cpp">
      <Filter>Archivos de origen\Motherboard</Filter>
    </ClCompile>
    <ClCompile Include="..\..\src\CORE\Computer.cpp">
      <Filter>Archivos de origen\Motherboard</Filter>
    </ClCompile>
    <ClCompile Include="..\..\src\CORE\CPU.cpp">
      <Filter>Archivos de origen\Motherboard</Filter>
    </ClCompile>
    <ClCompile Include="..\..\src\CORE\CPUArchitecture.cpp">
      <Filter>Archivos de origen\Motherboard</Filter>
    </ClCompile>
    <ClCompile Include="..\..\src\CORE\CPUInterrupt.cpp">
      <Filter>Archivos de origen\Motherboard</Filter>
    </ClCompile>
    <ClCompile Include="..\..\src\CORE\Instruction.cpp">
      <Filter>Archivos de origen\Motherboard</Filter>
    </ClCompile>
    <ClCompile Include="..\..\src\CORE\Memory.cpp">
      <Filter>Archivos de origen\Motherboard</Filter>
    </ClCompile>
    <ClCompile Include="..\..\src\CORE\Stack.cpp">
      <Filter>Archivos de origen\Motherboard</Filter>
    </ClCompile>
    <ClCompile Include="..\..\src\CORE\StatusRegister.cpp">
      <Filter>Archivos de origen\Motherboard</Filter>
    </ClCompile>
    <ClCompile Include="..\..\src\CORE\global.cpp">
      <Filter>Archivos de origen</Filter>
    </ClCompile>
    <ClCompile Include="..\..\src\CORE\GraphicalChip.cpp">
      <Filter>Archivos de origen\Motherboard</Filter>
    </ClCompile>
    <ClCompile Include="..\..\src\CORE\IOPeripheral.cpp">
      <Filter>Archivos de origen\IO</Filter>
    </ClCompile>
    <ClCompile Include="..\..\src\CORE\IOPBuilder.cpp">
      <Filter>Archivos de origen\IO</Filter>
    </ClCompile>
    <ClCompile Include="..\..\src\CORE\CommandBuilder.cpp">
      <Filter>Archivos de origen\Commands</Filter>
    </ClCompile>
    <ClCompile Include="..\..\src\CORE\StdCommands.cpp">
      <Filter>Archivos de origen\Commands</Filter>
    </ClCompile>
    <ClCompile Include="..\..\src\CORE\StdCommandBld.cpp">
      <Filter>Archivos de origen\Commands</Filter>
    </ClCompile>
    <ClCompile Include="..\..\src\CORE\Command.cpp">
      <Filter>Archivos de origen\Commands</Filter>
    </ClCompile>
    <ClCompile Include="..\..\src\CORE\FmterBuilder.cpp">
      <Filter>Archivos de origen\Foundation</Filter>
    </ClCompile>
    <ClCompile Include="..\..\src\CORE\InfoStructure.cpp">
      <Filter>Archivos de origen\Foundation</Filter>
    </ClCompile>
    <ClCompile Include="..\..\src\CORE\StdFormatter.cpp">
      <Filter>Archivos de origen\Foundation</Filter>
    </ClCompile>
    <ClCompile Include="..\..\src\CORE\CmdExecuter.cpp">
      <Filter>Archivos de origen\Commands</Filter>
    </ClCompile>
    <ClCompile Include="..\..\src\CORE\JSONFormatter.cpp">
      <Filter>Archivos de origen\Foundation</Filter>
    </ClCompile>
    <ClCompile Include="..\..\src\CORE\CmdlineArgs.cpp">
      <Filter>Archivos de origen\Foundation</Filter>
    </ClCompile>
    <ClCompile Include="..\..\src\CORE\DtMemoryBlock.cpp">
      <Filter>Archivos de origen\Foundation</Filter>
    </ClCompile>
    <ClCompile Include="..\..\src\CORE\TestCPUSpeed.cpp">
      <Filter>Archivos de origen\Motherboard</Filter>
    </ClCompile>
    <ClCompile Include="..\..\src\CORE\Clock.cpp">
      <Filter>Archivos de origen\Foundation</Filter>
    </ClCompile>
    <ClCompile Include="..\..\src\CORE\ByteCodeLine.cpp">
      <Filter>Archivos de origen\Foundation</Filter>
    </ClCompile>
    <ClCompile Include="..\..\src\CORE\ASCIIConverter.cpp">
      <Filter>Archivos de origen\Foundation</Filter>
    </ClCompile>
    <ClCompile Include="..\..\src\CORE\Sound.cpp">
      <Filter>Archivos de origen\IO</Filter>
    </ClCompile>
    <ClCompile Include="..\..\src\CORE\ChipRegisters.cpp">
      <Filter>Archivos de origen\Motherboard</Filter>
    </ClCompile>
    <ClCompile Include="..\..\src\CORE\Raster.cpp">
      <Filter>Archivos de origen\IO</Filter>
    </ClCompile>
    <ClCompile Include="..\..\src\CORE\NotifyObserver.cpp">
      <Filter>Archivos de origen\Foundation</Filter>
    </ClCompile>
    <ClCompile Include="..\..\src\CORE\ScreenMemory.cpp">
      <Filter>Archivos de origen\IO</Filter>
    </ClCompile>
    <ClCompile Include="..\..\src\CORE\SoundMemory.cpp">
      <Filter>Archivos de origen\IO</Filter>
    </ClCompile>
    <ClCompile Include="..\..\src\CORE\SoundChip.cpp">
      <Filter>Archivos de origen\Motherboard</Filter>
    </ClCompile>
    <ClCompile Include="..\..\src\CORE\SoundWave.cpp">
      <Filter>Archivos de origen\IO</Filter>
    </ClCompile>
    <ClCompile Include="..\..\src\CORE\SoundVoice.cpp">
      <Filter>Archivos de origen\IO</Filter>
    </ClCompile>
    <ClCompile Include="..\..\src\CORE\SoundLibWrapper.cpp">
      <Filter>Archivos de origen\Motherboard</Filter>
    </ClCompile>
    <ClCompile Include="..\..\src\CORE\FileIO.cpp">
      <Filter>Archivos de origen</Filter>
    </ClCompile>
    <ClCompile Include="..\..\src\CORE\DebugFile.cpp">
      <Filter>Archivos de origen\Foundation</Filter>
    </ClCompile>
  </ItemGroup>
  <ItemGroup>
    <ClInclude Include="..\..\include\CORE\IO.hpp">
      <Filter>Archivos de encabezado\IO</Filter>
    </ClInclude>
    <ClInclude Include="..\..\include\CORE\OSIO.hpp">
      <Filter>Archivos de encabezado\IO</Filter>
    </ClInclude>
    <ClInclude Include="..\..\include\CORE\Screen.hpp">
      <Filter>Archivos de encabezado\IO</Filter>
    </ClInclude>
    <ClInclude Include="..\..\include\CORE\Address.hpp">
      <Filter>Archivos de encabezado\Foundation</Filter>
    </ClInclude>
    <ClInclude Include="..\..\include\CORE\UByte.hpp">
      <Filter>Archivos de encabezado\Foundation</Filter>
    </ClInclude>
    <ClInclude Include="..\..\include\CORE\UBytes.hpp">
      <Filter>Archivos de encabezado\Foundation</Filter>
    </ClInclude>
    <ClInclude Include="..\..\include\CORE\UInt.hpp">
      <Filter>Archivos de encabezado\Foundation</Filter>
    </ClInclude>
    <ClInclude Include="..\..\include\CORE\Chip.hpp">
      <Filter>Archivos de encabezado\Motherboard</Filter>
    </ClInclude>
    <ClInclude Include="..\..\include\CORE\Computer.hpp">
      <Filter>Archivos de encabezado\Motherboard</Filter>
    </ClInclude>
    <ClInclude Include="..\..\include\CORE\CPU.hpp">
      <Filter>Archivos de encabezado\Motherboard</Filter>
    </ClInclude>
    <ClInclude Include="..\..\include\CORE\CPUArchitecture.hpp">
      <Filter>Archivos de encabezado\Motherboard</Filter>
    </ClInclude>
    <ClInclude Include="..\..\include\CORE\CPUInterrupt.hpp">
      <Filter>Archivos de encabezado\Motherboard</Filter>
    </ClInclude>
    <ClInclude Include="..\..\include\CORE\Instruction.hpp">
      <Filter>Archivos de encabezado\Motherboard</Filter>
    </ClInclude>
    <ClInclude Include="..\..\include\CORE\Memory.hpp">
      <Filter>Archivos de encabezado\Motherboard</Filter>
    </ClInclude>
    <ClInclude Include="..\..\include\CORE\ProgramCounter.hpp">
      <Filter>Archivos de encabezado\Motherboard</Filter>
    </ClInclude>
    <ClInclude Include="..\..\include\CORE\Register.hpp">
      <Filter>Archivos de encabezado\Motherboard</Filter>
    </ClInclude>
    <ClInclude Include="..\..\include\CORE\Stack.hpp">
      <Filter>Archivos de encabezado\Motherboard</Filter>
    </ClInclude>
    <ClInclude Include="..\..\include\CORE\StatusRegister.hpp">
      <Filter>Archivos de encabezado\Motherboard</Filter>
    </ClInclude>
    <ClInclude Include="..\..\include\CORE\global.hpp">
      <Filter>Archivos de encabezado</Filter>
    </ClInclude>
    <ClInclude Include="..\..\include\CORE\incs.hpp">
      <Filter>Archivos de encabezado</Filter>
    </ClInclude>
    <ClInclude Include="..\..\include\CORE\GraphicalChip.hpp">
      <Filter>Archivos de encabezado\Motherboard</Filter>
    </ClInclude>
    <ClInclude Include="..\..\include\CORE\IOPeripheral.hpp">
      <Filter>Archivos de encabezado\IO</Filter>
    </ClInclude>
    <ClInclude Include="..\..\include\CORE\IOPBuilder.hpp">
      <Filter>Archivos de encabezado\IO</Filter>
    </ClInclude>
    <ClInclude Include="..\..\include\CORE\Command.hpp">
      <Filter>Archivos de encabezado\Commands</Filter>
    </ClInclude>
    <ClInclude Include="..\..\include\CORE\CommandBuilder.hpp">
      <Filter>Archivos de encabezado\Commands</Filter>
    </ClInclude>
    <ClInclude Include="..\..\include\CORE\StdCommands.hpp">
      <Filter>Archivos de encabezado\Commands</Filter>
    </ClInclude>
    <ClInclude Include="..\..\include\CORE\StdCommandBld.hpp">
      <Filter>Archivos de encabezado\Commands</Filter>
    </ClInclude>
    <ClInclude Include="..\..\include\CORE\Formatter.hpp">
      <Filter>Archivos de encabezado\Foundation</Filter>
    </ClInclude>
    <ClInclude Include="..\..\include\CORE\FmterBuilder.hpp">
      <Filter>Archivos de encabezado\Foundation</Filter>
    </ClInclude>
    <ClInclude Include="..\..\include\CORE\InfoClass.hpp">
      <Filter>Archivos de encabezado\Foundation</Filter>
    </ClInclude>
    <ClInclude Include="..\..\include\CORE\InfoStructure.hpp">
      <Filter>Archivos de encabezado\Foundation</Filter>
    </ClInclude>
    <ClInclude Include="..\..\include\CORE\StdFmterBuilder.hpp">
      <Filter>Archivos de encabezado\Foundation</Filter>
    </ClInclude>
    <ClInclude Include="..\..\include\CORE\StdFormatter.hpp">
      <Filter>Archivos de encabezado\Foundation</Filter>
    </ClInclude>
    <ClInclude Include="..\..\include\CORE\CmdExecuter.hpp">
      <Filter>Archivos de encabezado\Commands</Filter>
    </ClInclude>
    <ClInclude Include="..\..\include\CORE\DtMemoryBlock.hpp">
      <Filter>Archivos de encabezado\Foundation</Filter>
    </ClInclude>
    <ClInclude Include="..\..\include\CORE\JSONFormatter.hpp">
      <Filter>Archivos de encabezado\Foundation</Filter>
    </ClInclude>
    <ClInclude Include="..\..\include\CORE\CmdlineArgs.hpp">
      <Filter>Archivos de encabezado\Foundation</Filter>
    </ClInclude>
    <ClInclude Include="..\..\include\CORE\TestCPUSpeed.hpp">
      <Filter>Archivos de encabezado\Motherboard</Filter>
    </ClInclude>
    <ClInclude Include="..\..\include\CORE\Clock.hpp">
      <Filter>Archivos de encabezado\Foundation</Filter>
    </ClInclude>
    <ClInclude Include="..\..\include\CORE\ByteCodeLine.hpp">
      <Filter>Archivos de encabezado\Foundation</Filter>
    </ClInclude>
    <ClInclude Include="..\..\include\CORE\ASCIIConverter.hpp">
      <Filter>Archivos de encabezado\Foundation</Filter>
    </ClInclude>
    <ClInclude Include="..\..\include\CORE\Sound.hpp">
      <Filter>Archivos de encabezado\IO</Filter>
    </ClInclude>
    <ClInclude Include="..\..\include\CORE\ChipRegisters.hpp">
      <Filter>Archivos de encabezado\Motherboard</Filter>
    </ClInclude>
    <ClInclude Include="..\..\include\CORE\Raster.hpp">
      <Filter>Archivos de encabezado\IO</Filter>
    </ClInclude>
    <ClInclude Include="..\..\include\CORE\NotifyObserver.hpp">
      <Filter>Archivos de encabezado\Foundation</Filter>
    </ClInclude>
    <ClInclude Include="..\..\include\CORE\Latch.hpp">
      <Filter>Archivos de encabezado\Motherboard</Filter>
    </ClInclude>
    <ClInclude Include="..\..\include\CORE\ScreenMemory.hpp">
      <Filter>Archivos de encabezado\IO</Filter>
    </ClInclude>
    <ClInclude Include="..\..\include\CORE\SoundMemory.hpp">
      <Filter>Archivos de encabezado\IO</Filter>
    </ClInclude>
    <ClInclude Include="..\..\include\CORE\SoundChip.hpp">
      <Filter>Archivos de encabezado\Motherboard</Filter>
    </ClInclude>
    <ClInclude Include="..\..\include\CORE\Wire.hpp">
      <Filter>Archivos de encabezado\Motherboard</Filter>
    </ClInclude>
    <ClInclude Include="..\..\include\CORE\Bus.hpp">
      <Filter>Archivos de encabezado\Motherboard</Filter>
    </ClInclude>
    <ClInclude Include="..\..\include\CORE\MicroBus.hpp">
      <Filter>Archivos de encabezado\Motherboard</Filter>
    </ClInclude>
    <ClInclude Include="..\..\include\CORE\SoundWave.hpp">
      <Filter>Archivos de encabezado\IO</Filter>
    </ClInclude>
    <ClInclude Include="..\..\include\CORE\SoundVoice.hpp">
      <Filter>Archivos de encabezado\IO</Filter>
    </ClInclude>
    <ClInclude Include="..\..\include\CORE\FileIO.hpp">
      <Filter>Archivos de encabezado</Filter>
    </ClInclude>
    <ClInclude Include="..\..\include\CORE\DebugFile.hpp">
      <Filter>Archivos de encabezado\Foundation</Filter>
    </ClInclude>
    <ClInclude Include="..\..\include\CORE\ComputerClock.hpp">
      <Filter>Archivos de encabezado\Motherboard</Filter>
    </ClInclude>
  </ItemGroup>
  <ItemGroup>
    <None Include="Default.fmt">
      <Filter>Configuration</Filter>
    </None>
    <None Include="Standard.fmt">
      <Filter>Configuration</Filter>
    </None>
    <None Include="Standard.hlp">
      <Filter>Configuration</Filter>
    </None>
  </ItemGroup>
</Project>