<?xml version="1.0" encoding="utf-8"?>
<Project ToolsVersion="4.0" xmlns="http://schemas.microsoft.com/developer/msbuild/2003">
  <ItemGroup>
    <Filter Include="Archivos de origen">
      <UniqueIdentifier>{4FC737F1-C7A5-4376-A066-2A32D752A2FF}</UniqueIdentifier>
      <Extensions>cpp;c;cc;cxx;def;odl;idl;hpj;bat;asm;asmx</Extensions>
    </Filter>
    <Filter Include="Archivos de encabezado">
      <UniqueIdentifier>{93995380-89BD-4b04-88EB-625FBE52EBFB}</UniqueIdentifier>
      <Extensions>h;hh;hpp;hxx;hm;inl;inc;ipp;xsd</Extensions>
    </Filter>
    <Filter Include="Archivos de recursos">
      <UniqueIdentifier>{67DA6AB6-F800-4c08-8B7A-83BB121AAD01}</UniqueIdentifier>
      <Extensions>rc;ico;cur;bmp;dlg;rc2;rct;bin;rgs;gif;jpg;jpeg;jpe;resx;tiff;tif;png;wav;mfcribbon-ms</Extensions>
    </Filter>
    <Filter Include="Archivos de origen\Instructions">
      <UniqueIdentifier>{ac6e6fa4-1831-4565-8cad-c086c7a9b8be}</UniqueIdentifier>
    </Filter>
    <Filter Include="Archivos de origen\Instructions\undocumented">
      <UniqueIdentifier>{da0a1e89-0265-4c87-8f76-f748245dded3}</UniqueIdentifier>
    </Filter>
  </ItemGroup>
  <ItemGroup>
    <ClInclude Include="..\..\include\F6500\C6510.hpp">
      <Filter>Archivos de encabezado</Filter>
    </ClInclude>
    <ClInclude Include="..\..\include\F6500\IRQInterrupt.hpp">
      <Filter>Archivos de encabezado</Filter>
    </ClInclude>
    <ClInclude Include="..\..\include\F6500\C6500.hpp">
      <Filter>Archivos de encabezado</Filter>
    </ClInclude>
    <ClInclude Include="..\..\include\F6500\NMIInterrupt.hpp">
      <Filter>Archivos de encabezado</Filter>
    </ClInclude>
    <ClInclude Include="..\..\include\F6500\incs.hpp">
      <Filter>Archivos de encabezado</Filter>
    </ClInclude>
    <ClInclude Include="..\..\include\F6500\Instructions.hpp">
      <Filter>Archivos de encabezado</Filter>
    </ClInclude>
    <ClInclude Include="..\..\include\F6500\Interrupt.hpp">
      <Filter>Archivos de encabezado</Filter>
    </ClInclude>
    <ClInclude Include="..\..\include\F6500\C6502.hpp">
      <Filter>Archivos de encabezado</Filter>
    </ClInclude>
    <ClInclude Include="..\..\include\F6500\IO6510PortRegisters.hpp">
      <Filter>Archivos de encabezado</Filter>
    </ClInclude>
    <ClInclude Include="..\..\include\F6500\IO7501PortRegisters.hpp">
      <Filter>Archivos de encabezado</Filter>
    </ClInclude>
    <ClInclude Include="..\..\include\F6500\TestElements.hpp">
      <Filter>Archivos de encabezado</Filter>
    </ClInclude>
  </ItemGroup>
  <ItemGroup>
    <ClCompile Include="..\..\src\F6500\C6510.cpp">
      <Filter>Archivos de origen</Filter>
    </ClCompile>
    <ClCompile Include="..\..\src\F6500\ADC.cpp">
      <Filter>Archivos de origen\Instructions</Filter>
    </ClCompile>
    <ClCompile Include="..\..\src\F6500\AND.cpp">
      <Filter>Archivos de origen\Instructions</Filter>
    </ClCompile>
    <ClCompile Include="..\..\src\F6500\CMP.cpp">
      <Filter>Archivos de origen\Instructions</Filter>
    </ClCompile>
    <ClCompile Include="..\..\src\F6500\EOR.cpp">
      <Filter>Archivos de origen\Instructions</Filter>
    </ClCompile>
    <ClCompile Include="..\..\src\F6500\LDA.cpp">
      <Filter>Archivos de origen\Instructions</Filter>
    </ClCompile>
    <ClCompile Include="..\..\src\F6500\LDX.cpp">
      <Filter>Archivos de origen\Instructions</Filter>
    </ClCompile>
    <ClCompile Include="..\..\src\F6500\LDY.cpp">
      <Filter>Archivos de origen\Instructions</Filter>
    </ClCompile>
    <ClCompile Include="..\..\src\F6500\ORA.cpp">
      <Filter>Archivos de origen\Instructions</Filter>
    </ClCompile>
    <ClCompile Include="..\..\src\F6500\SBC.cpp">
      <Filter>Archivos de origen\Instructions</Filter>
    </ClCompile>
    <ClCompile Include="..\..\src\F6500\STA.cpp">
      <Filter>Archivos de origen\Instructions</Filter>
    </ClCompile>
    <ClCompile Include="..\..\src\F6500\STX.cpp">
      <Filter>Archivos de origen\Instructions</Filter>
    </ClCompile>
    <ClCompile Include="..\..\src\F6500\STY.cpp">
      <Filter>Archivos de origen\Instructions</Filter>
    </ClCompile>
    <ClCompile Include="..\..\src\F6500\ASL.cpp">
      <Filter>Archivos de origen\Instructions</Filter>
    </ClCompile>
    <ClCompile Include="..\..\src\F6500\LSR.cpp">
      <Filter>Archivos de origen\Instructions</Filter>
    </ClCompile>
    <ClCompile Include="..\..\src\F6500\INC.cpp">
      <Filter>Archivos de origen\Instructions</Filter>
    </ClCompile>
    <ClCompile Include="..\..\src\F6500\ROL.cpp">
      <Filter>Archivos de origen\Instructions</Filter>
    </ClCompile>
    <ClCompile Include="..\..\src\F6500\ROR.cpp">
      <Filter>Archivos de origen\Instructions</Filter>
    </ClCompile>
    <ClCompile Include="..\..\src\F6500\CPX.cpp">
      <Filter>Archivos de origen\Instructions</Filter>
    </ClCompile>
    <ClCompile Include="..\..\src\F6500\CPY.cpp">
      <Filter>Archivos de origen\Instructions</Filter>
    </ClCompile>
    <ClCompile Include="..\..\src\F6500\DEC.cpp">
      <Filter>Archivos de origen\Instructions</Filter>
    </ClCompile>
    <ClCompile Include="..\..\src\F6500\JUMPS.cpp">
      <Filter>Archivos de origen\Instructions</Filter>
    </ClCompile>
    <ClCompile Include="..\..\src\F6500\STACK.cpp">
      <Filter>Archivos de origen\Instructions</Filter>
    </ClCompile>
    <ClCompile Include="..\..\src\F6500\BRANCHES.cpp">
      <Filter>Archivos de origen\Instructions</Filter>
    </ClCompile>
    <ClCompile Include="..\..\src\F6500\STATUS.cpp">
      <Filter>Archivos de origen\Instructions</Filter>
    </ClCompile>
    <ClCompile Include="..\..\src\F6500\TRANSFERS.cpp">
      <Filter>Archivos de origen\Instructions</Filter>
    </ClCompile>
    <ClCompile Include="..\..\src\F6500\INCDECXY.cpp">
      <Filter>Archivos de origen\Instructions</Filter>
    </ClCompile>
    <ClCompile Include="..\..\src\F6500\IRQInterrupt.cpp">
      <Filter>Archivos de origen</Filter>
    </ClCompile>
    <ClCompile Include="..\..\src\F6500\NMIInterrupt.cpp">
      <Filter>Archivos de origen</Filter>
    </ClCompile>
    <ClCompile Include="..\..\src\F6500\C6500.cpp">
      <Filter>Archivos de origen</Filter>
    </ClCompile>
    <ClCompile Include="..\..\src\F6500\Instructions.cpp">
      <Filter>Archivos de origen</Filter>
    </ClCompile>
    <ClCompile Include="..\..\src\F6500\NOP.cpp">
      <Filter>Archivos de origen\Instructions\undocumented</Filter>
    </ClCompile>
    <ClCompile Include="..\..\src\F6500\SLO.cpp">
      <Filter>Archivos de origen\Instructions\undocumented</Filter>
    </ClCompile>
    <ClCompile Include="..\..\src\F6500\SRE.cpp">
      <Filter>Archivos de origen\Instructions\undocumented</Filter>
    </ClCompile>
    <ClCompile Include="..\..\src\F6500\RRA.cpp">
      <Filter>Archivos de origen\Instructions\undocumented</Filter>
    </ClCompile>
    <ClCompile Include="..\..\src\F6500\SAX.cpp">
      <Filter>Archivos de origen\Instructions\undocumented</Filter>
    </ClCompile>
    <ClCompile Include="..\..\src\F6500\LAX.cpp">
      <Filter>Archivos de origen\Instructions\undocumented</Filter>
    </ClCompile>
    <ClCompile Include="..\..\src\F6500\RLA.cpp">
      <Filter>Archivos de origen\Instructions\undocumented</Filter>
    </ClCompile>
    <ClCompile Include="..\..\src\F6500\DCP.cpp">
      <Filter>Archivos de origen\Instructions\undocumented</Filter>
    </ClCompile>
    <ClCompile Include="..\..\src\F6500\ISC.cpp">
      <Filter>Archivos de origen\Instructions\undocumented</Filter>
    </ClCompile>
    <ClCompile Include="..\..\src\F6500\ANC.cpp">
      <Filter>Archivos de origen\Instructions\undocumented</Filter>
    </ClCompile>
    <ClCompile Include="..\..\src\F6500\ALR.cpp">
      <Filter>Archivos de origen\Instructions\undocumented</Filter>
    </ClCompile>
    <ClCompile Include="..\..\src\F6500\ARR.cpp">
      <Filter>Archivos de origen\Instructions\undocumented</Filter>
    </ClCompile>
    <ClCompile Include="..\..\src\F6500\SBX.cpp">
      <Filter>Archivos de origen\Instructions\undocumented</Filter>
    </ClCompile>
    <ClCompile Include="..\..\src\F6500\JAM.cpp">
      <Filter>Archivos de origen\Instructions\undocumented</Filter>
    </ClCompile>
    <ClCompile Include="..\..\src\F6500\Interrupt.cpp">
      <Filter>Archivos de origen</Filter>
    </ClCompile>
    <ClCompile Include="..\..\src\F6500\C6502.cpp">
      <Filter>Archivos de origen</Filter>
    </ClCompile>
    <ClCompile Include="..\..\src\F6500\C7501.cpp">
      <Filter>Archivos de origen</Filter>
    </ClCompile>
    <ClCompile Include="..\..\src\F6500\IO6510PortRegisters.cpp">
      <Filter>Archivos de origen</Filter>
    </ClCompile>
    <ClCompile Include="..\..\src\F6500\TestElements.cpp">
      <Filter>Archivos de origen</Filter>
    </ClCompile>
  </ItemGroup>
  <ItemGroup>
    <None Include="ClassDiagram.cd" />
  </ItemGroup>
</Project>