<?xml version="1.0" encoding="utf-8"?>
<Project ToolsVersion="4.0" xmlns="http://schemas.microsoft.com/developer/msbuild/2003">
  <ItemGroup>
    <Filter Include="Archivos de origen">
      <UniqueIdentifier>{4FC737F1-C7A5-4376-A066-2A32D752A2FF}</UniqueIdentifier>
      <Extensions>cpp;c;cc;cxx;c++;cppm;ixx;def;odl;idl;hpj;bat;asm;asmx</Extensions>
    </Filter>
    <Filter Include="Archivos de encabezado">
      <UniqueIdentifier>{93995380-89BD-4b04-88EB-625FBE52EBFB}</UniqueIdentifier>
      <Extensions>h;hh;hpp;hxx;h++;hm;inl;inc;ipp;xsd</Extensions>
    </Filter>
    <Filter Include="Archivos de recursos">
      <UniqueIdentifier>{67DA6AB6-F800-4c08-8B7A-83BB121AAD01}</UniqueIdentifier>
      <Extensions>rc;ico;cur;bmp;dlg;rc2;rct;bin;rgs;gif;jpg;jpeg;jpe;resx;tiff;tif;png;wav;mfcribbon-ms</Extensions>
    </Filter>
    <Filter Include="Archivos de encabezado\Commands">
      <UniqueIdentifier>{023c3fc6-b72e-4a83-b0d9-77c31476d089}</UniqueIdentifier>
    </Filter>
    <Filter Include="Archivos de encabezado\Emulators">
      <UniqueIdentifier>{987407e9-c4ce-4609-accf-7401cc65f9c6}</UniqueIdentifier>
    </Filter>
    <Filter Include="Archivos de encabezado\IO">
      <UniqueIdentifier>{5f788557-aee4-4aa4-bc6e-4e9034af48d3}</UniqueIdentifier>
    </Filter>
    <Filter Include="Archivos de encabezado\Motherboard">
      <UniqueIdentifier>{95cd809b-864c-406d-b30f-8f0c2f811304}</UniqueIdentifier>
    </Filter>
    <Filter Include="Archivos de encabezado\Motherboard\Chips">
      <UniqueIdentifier>{66e02129-bd2a-4fd2-9aa1-dcaa84340f2a}</UniqueIdentifier>
    </Filter>
    <Filter Include="Archivos de origen\Commands">
      <UniqueIdentifier>{e9a4edfb-efbc-4e40-86f0-1f7b9d2ffb48}</UniqueIdentifier>
    </Filter>
    <Filter Include="Archivos de origen\Emulators">
      <UniqueIdentifier>{9da7806c-bfa9-4226-b0a3-1496d72aa75a}</UniqueIdentifier>
    </Filter>
    <Filter Include="Archivos de origen\IO">
      <UniqueIdentifier>{95f064b9-7220-4671-bb70-43bcb0916593}</UniqueIdentifier>
    </Filter>
    <Filter Include="Archivos de origen\Motherboard">
      <UniqueIdentifier>{e4b852e0-2f12-4518-87c5-951de7419e30}</UniqueIdentifier>
    </Filter>
    <Filter Include="Archivos de origen\Motherboard\Chips">
      <UniqueIdentifier>{d565d91b-5d89-4a5c-a334-076f7396bb61}</UniqueIdentifier>
    </Filter>
  </ItemGroup>
  <ItemGroup>
    <ClInclude Include="..\..\include\VIC20\CommandBuilder.hpp">
      <Filter>Archivos de encabezado\Commands</Filter>
    </ClInclude>
    <ClInclude Include="..\..\include\VIC20\Commands.hpp">
      <Filter>Archivos de encabezado\Commands</Filter>
    </ClInclude>
    <ClInclude Include="..\..\include\VIC20\VIC20Emulator.hpp">
      <Filter>Archivos de encabezado\Emulators</Filter>
    </ClInclude>
    <ClInclude Include="..\..\include\VIC20\Screen.hpp">
      <Filter>Archivos de encabezado\IO</Filter>
    </ClInclude>
    <ClInclude Include="..\..\include\VIC20\Sound.hpp">
      <Filter>Archivos de encabezado\IO</Filter>
    </ClInclude>
    <ClInclude Include="..\..\include\VIC20\Memory.hpp">
      <Filter>Archivos de encabezado\Motherboard</Filter>
    </ClInclude>
    <ClInclude Include="..\..\include\VIC20\IOPBuilder.hpp">
      <Filter>Archivos de encabezado\IO</Filter>
    </ClInclude>
    <ClInclude Include="..\..\include\VIC20\incs.hpp">
      <Filter>Archivos de encabezado</Filter>
    </ClInclude>
    <ClInclude Include="..\..\include\VIC20\VIA1.hpp">
      <Filter>Archivos de encabezado\Motherboard\Chips</Filter>
    </ClInclude>
    <ClInclude Include="..\..\include\VIC20\VIA1Registers.hpp">
      <Filter>Archivos de encabezado\Motherboard\Chips</Filter>
    </ClInclude>
    <ClInclude Include="..\..\include\VIC20\VIA2.hpp">
      <Filter>Archivos de encabezado\Motherboard\Chips</Filter>
    </ClInclude>
    <ClInclude Include="..\..\include\VIC20\VIA2Registers.hpp">
      <Filter>Archivos de encabezado\Motherboard\Chips</Filter>
    </ClInclude>
    <ClInclude Include="..\..\include\VIC20\OSIO.hpp">
      <Filter>Archivos de encabezado\IO</Filter>
    </ClInclude>
    <ClInclude Include="..\..\include\VIC20\VIC20.hpp">
      <Filter>Archivos de encabezado</Filter>
    </ClInclude>
  </ItemGroup>
  <ItemGroup>
    <ClCompile Include="..\..\src\VIC20\CommandBuilder.cpp">
      <Filter>Archivos de origen\Commands</Filter>
    </ClCompile>
    <ClCompile Include="..\..\src\VIC20\Commands.cpp">
      <Filter>Archivos de origen\Commands</Filter>
    </ClCompile>
    <ClCompile Include="..\..\src\VIC20\VIC20Emulator.cpp">
      <Filter>Archivos de origen\Emulators</Filter>
    </ClCompile>
    <ClCompile Include="..\..\src\VIC20\IOPBuilder.cpp">
      <Filter>Archivos de origen\IO</Filter>
    </ClCompile>
    <ClCompile Include="..\..\src\VIC20\Memory.cpp">
      <Filter>Archivos de origen\Motherboard</Filter>
    </ClCompile>
    <ClCompile Include="..\..\src\VIC20\Screen.cpp">
      <Filter>Archivos de origen\IO</Filter>
    </ClCompile>
    <ClCompile Include="..\..\src\VIC20\Sound.cpp">
      <Filter>Archivos de origen\IO</Filter>
    </ClCompile>
    <ClCompile Include="..\..\src\VIC20\VIA1.cpp">
      <Filter>Archivos de origen\Motherboard\Chips</Filter>
    </ClCompile>
    <ClCompile Include="..\..\src\VIC20\VIA1Registers.cpp">
      <Filter>Archivos de origen\Motherboard\Chips</Filter>
    </ClCompile>
    <ClCompile Include="..\..\src\VIC20\VIA2.cpp">
      <Filter>Archivos de origen\Motherboard\Chips</Filter>
    </ClCompile>
    <ClCompile Include="..\..\src\VIC20\VIA2Registers.cpp">
      <Filter>Archivos de origen\Motherboard\Chips</Filter>
    </ClCompile>
    <ClCompile Include="..\..\src\VIC20\OSIO.cpp">
      <Filter>Archivos de origen\IO</Filter>
    </ClCompile>
    <ClCompile Include="..\..\src\VIC20\VIC20.cpp">
      <Filter>Archivos de origen</Filter>
    </ClCompile>
  </ItemGroup>
</Project>